// !$*UTF8*$!
{
	archiveVersion = 1;
	classes = {
	};
	objectVersion = 77;
	objects = {

/* Begin PBXBuildFile section */
		0E376E3162ED88F2D1B6DE60 /* QRErrorCorrection.swift in Sources */ = {isa = PBXBuildFile; fileRef = C15AED30A114C34B4F885970 /* QRErrorCorrection.swift */; };
		1F1161222E6B66C500A7894D /* String + Ext.swift in Sources */ = {isa = PBXBuildFile; fileRef = 1F1161212E6B66C500A7894D /* String + Ext.swift */; };
		1F1161242E73009900A7894D /* TopViewHeaderText.swift in Sources */ = {isa = PBXBuildFile; fileRef = 1F1161232E73009900A7894D /* TopViewHeaderText.swift */; };
		1F12FE482E4264260023DB69 /* CustomTextField.swift in Sources */ = {isa = PBXBuildFile; fileRef = 1F12FE472E4264260023DB69 /* CustomTextField.swift */; };
		1F12FE4B2E4278210023DB69 /* CryptoAction.swift in Sources */ = {isa = PBXBuildFile; fileRef = 1F12FE4A2E4278210023DB69 /* CryptoAction.swift */; };
		1F12FE4F2E42789C0023DB69 /* CryptoActionButtons.swift in Sources */ = {isa = PBXBuildFile; fileRef = 1F12FE4E2E42789C0023DB69 /* CryptoActionButtons.swift */; };
		1F12FE512E42DEDD0023DB69 /* MessageView.swift in Sources */ = {isa = PBXBuildFile; fileRef = 1F12FE502E42DEDD0023DB69 /* MessageView.swift */; };
		1F1452532E6080F800F8A553 /* Language.swift in Sources */ = {isa = PBXBuildFile; fileRef = 1F1452522E6080F800F8A553 /* Language.swift */; };
		1F1452552E608D2D00F8A553 /* LanguageManager.swift in Sources */ = {isa = PBXBuildFile; fileRef = 1F1452542E608D2D00F8A553 /* LanguageManager.swift */; };
		1F1452572E608D8900F8A553 /* AppStorageKey.swift in Sources */ = {isa = PBXBuildFile; fileRef = 1F1452562E608D8900F8A553 /* AppStorageKey.swift */; };
		1F1452592E608E9200F8A553 /* SettingsView.swift in Sources */ = {isa = PBXBuildFile; fileRef = 1F1452582E608E9200F8A553 /* SettingsView.swift */; };
		1F14525C2E6092D200F8A553 /* LanguageView.swift in Sources */ = {isa = PBXBuildFile; fileRef = 1F14525B2E6092D200F8A553 /* LanguageView.swift */; };
		1F14526C2E60BC1B00F8A553 /* Localizable.xcstrings in Resources */ = {isa = PBXBuildFile; fileRef = 1F14526B2E60BC1B00F8A553 /* Localizable.xcstrings */; };
		1F19ECB42EB6476C00A3D0AD /* PayWallViewModel.swift in Sources */ = {isa = PBXBuildFile; fileRef = 1F19ECB32EB6476C00A3D0AD /* PayWallViewModel.swift */; };
		1F2403B92EA51F6E00FB4005 /* StoreManager.swift in Sources */ = {isa = PBXBuildFile; fileRef = 1F2403B82EA51F6E00FB4005 /* StoreManager.swift */; };
		1F2403BB2EA5279E00FB4005 /* PayWallView.swift in Sources */ = {isa = PBXBuildFile; fileRef = 1F2403BA2EA5279E00FB4005 /* PayWallView.swift */; };
		1F2CADA42E91075E009007B5 /* DetailedInformationView.swift in Sources */ = {isa = PBXBuildFile; fileRef = 1F2CADA32E91075E009007B5 /* DetailedInformationView.swift */; };
		1F2CADA62E91088C009007B5 /* AboutAES256ViewModel.swift in Sources */ = {isa = PBXBuildFile; fileRef = 1F2CADA52E91088C009007B5 /* AboutAES256ViewModel.swift */; };
		1F2CADA92E9183AD009007B5 /* DetailedInformationProtocol.swift in Sources */ = {isa = PBXBuildFile; fileRef = 1F2CADA82E9183AD009007B5 /* DetailedInformationProtocol.swift */; };
		1F2D34232E7D7D16005E6239 /* Message.swift in Sources */ = {isa = PBXBuildFile; fileRef = 1F2D34222E7D7D16005E6239 /* Message.swift */; };
		1F2D34242E7D7D16005E6239 /* AES256Parameters.swift in Sources */ = {isa = PBXBuildFile; fileRef = 1F2D34212E7D7D16005E6239 /* AES256Parameters.swift */; };
		1F2D34262E7DF41A005E6239 /* KeyDerivationService.swift in Sources */ = {isa = PBXBuildFile; fileRef = 1F2D34252E7DF41A005E6239 /* KeyDerivationService.swift */; };
		1F2D34282E7E1760005E6239 /* AES256CryptoManager.swift in Sources */ = {isa = PBXBuildFile; fileRef = 1F2D34272E7E1760005E6239 /* AES256CryptoManager.swift */; };
		1F2D342B2E7F3D87005E6239 /* CryptoError.swift in Sources */ = {isa = PBXBuildFile; fileRef = 1F2D342A2E7F3D87005E6239 /* CryptoError.swift */; };
		1F2D342F2E820EAB005E6239 /* CryptoVersion.swift in Sources */ = {isa = PBXBuildFile; fileRef = 1F2D342E2E820EAB005E6239 /* CryptoVersion.swift */; };
		1F2D34312E84AFC6005E6239 /* FullScreenLoader.swift in Sources */ = {isa = PBXBuildFile; fileRef = 1F2D34302E84AFC5005E6239 /* FullScreenLoader.swift */; };
		1F36E3922EC3F4ED0086FE2C /* Launch Screen.storyboard in Resources */ = {isa = PBXBuildFile; fileRef = 1F36E3912EC3F4ED0086FE2C /* Launch Screen.storyboard */; };
		1F37CFDD2F950B97002F208B /* MenuPickerView.swift in Sources */ = {isa = PBXBuildFile; fileRef = 1F37CFDC2F950B97002F208B /* MenuPickerView.swift */; };
		1F37CFE72F9ABA10002F208B /* CustomScrollView.swift in Sources */ = {isa = PBXBuildFile; fileRef = 1F37CFE62F9ABA10002F208B /* CustomScrollView.swift */; };
		1F3DFFB52E901A0B00D77061 /* CopyAlertView.swift in Sources */ = {isa = PBXBuildFile; fileRef = 1F3DFFB42E901A0B00D77061 /* CopyAlertView.swift */; };
		1F4ECDEE2EBE50FF008931DE /* ProductButton.swift in Sources */ = {isa = PBXBuildFile; fileRef = 1F4ECDED2EBE50FF008931DE /* ProductButton.swift */; };
		1F587D522EAC61DF0025194E /* AboutProjectView.swift in Sources */ = {isa = PBXBuildFile; fileRef = 1F587D512EAC61DF0025194E /* AboutProjectView.swift */; };
		1F587D542EAC62200025194E /* AboutProjectViewModel.swift in Sources */ = {isa = PBXBuildFile; fileRef = 1F587D532EAC62200025194E /* AboutProjectViewModel.swift */; };
		1F5A9DD42F90238C00AF4CF7 /* QRCodeGeneratorManager.swift in Sources */ = {isa = PBXBuildFile; fileRef = 1F5A9DD32F90238C00AF4CF7 /* QRCodeGeneratorManager.swift */; };
		1F64ADDD2E7572CF00DB44CE /* NavigationLazyView.swift in Sources */ = {isa = PBXBuildFile; fileRef = 1F64ADDC2E7572CF00DB44CE /* NavigationLazyView.swift */; };
		1F64ADDF2E75835500DB44CE /* View + Ext.swift in Sources */ = {isa = PBXBuildFile; fileRef = 1F64ADDE2E75835500DB44CE /* View + Ext.swift */; };
		1F6C56C32E97F1700060015F /* EmojiMood.swift in Sources */ = {isa = PBXBuildFile; fileRef = 1F6C56C22E97F1700060015F /* EmojiMood.swift */; };
		1F6C56C52E9814590060015F /* CryptographyViewModel.swift in Sources */ = {isa = PBXBuildFile; fileRef = 1F6C56C42E9814590060015F /* CryptographyViewModel.swift */; };
		1F6C56C72E98828A0060015F /* EmojiCodecManager.swift in Sources */ = {isa = PBXBuildFile; fileRef = 1F6C56C62E98828A0060015F /* EmojiCodecManager.swift */; };
		1F6F65F32E92C08C0095E89E /* TabBarState.swift in Sources */ = {isa = PBXBuildFile; fileRef = 1F6F65F22E92C08C0095E89E /* TabBarState.swift */; };
		1F6F65F52E92C1970095E89E /* CustomTabBar.swift in Sources */ = {isa = PBXBuildFile; fileRef = 1F6F65F42E92C1970095E89E /* CustomTabBar.swift */; };
		1F6F65FA2E943EF30095E89E /* CustomTabImageView.swift in Sources */ = {isa = PBXBuildFile; fileRef = 1F6F65F92E943EF30095E89E /* CustomTabImageView.swift */; };
		1F6F65FC2E9445EB0095E89E /* CustomTabSection.swift in Sources */ = {isa = PBXBuildFile; fileRef = 1F6F65FB2E9445EB0095E89E /* CustomTabSection.swift */; };
		1F6F65FE2E958A3F0095E89E /* CodecService.swift in Sources */ = {isa = PBXBuildFile; fileRef = 1F6F65FD2E958A3F0095E89E /* CodecService.swift */; };
		1F6F66002E958B380095E89E /* EmojiCodingView.swift in Sources */ = {isa = PBXBuildFile; fileRef = 1F6F65FF2E958B380095E89E /* EmojiCodingView.swift */; };
		1F6F66032E958C030095E89E /* EmojiCodingViewModel.swift in Sources */ = {isa = PBXBuildFile; fileRef = 1F6F66022E958C030095E89E /* EmojiCodingViewModel.swift */; };
		1F74CBF12FAE6A9F00A19F30 /* QRExportFormat.swift in Sources */ = {isa = PBXBuildFile; fileRef = 1F74CBF02FAE6A9F00A19F30 /* QRExportFormat.swift */; };
		1F7970882E7C4D6B007755F3 /* Sound.swift in Sources */ = {isa = PBXBuildFile; fileRef = 1F7970872E7C4D6B007755F3 /* Sound.swift */; };
		1F7D9EDF2E633F28007B4DDD /* ThemeManager.swift in Sources */ = {isa = PBXBuildFile; fileRef = 1F7D9EDE2E633F28007B4DDD /* ThemeManager.swift */; };
		1F7D9EE12E634007007B4DDD /* SoundManager.swift in Sources */ = {isa = PBXBuildFile; fileRef = 1F7D9EE02E634007007B4DDD /* SoundManager.swift */; };
		1F7D9EE32E63402F007B4DDD /* HapticsManager.swift in Sources */ = {isa = PBXBuildFile; fileRef = 1F7D9EE22E63402F007B4DDD /* HapticsManager.swift */; };
		1F7D9EE52E6342DA007B4DDD /* SettingsViewModel.swift in Sources */ = {isa = PBXBuildFile; fileRef = 1F7D9EE42E6342DA007B4DDD /* SettingsViewModel.swift */; };
		1F7D9EE92E63447D007B4DDD /* LanguageViewModel.swift in Sources */ = {isa = PBXBuildFile; fileRef = 1F7D9EE82E63447D007B4DDD /* LanguageViewModel.swift */; };
		1F7D9EF92E653107007B4DDD /* MatrixAnimationView.swift in Sources */ = {isa = PBXBuildFile; fileRef = 1F7D9EF82E653107007B4DDD /* MatrixAnimationView.swift */; };
		1F8265DC2FA8D1C500F1EE9E /* FormHeaderView.swift in Sources */ = {isa = PBXBuildFile; fileRef = 1F8265DB2FA8D1C500F1EE9E /* FormHeaderView.swift */; };
		1F8265E02FAC183100F1EE9E /* AboutQRCodeViewModel.swift in Sources */ = {isa = PBXBuildFile; fileRef = 1F8265DF2FAC183100F1EE9E /* AboutQRCodeViewModel.swift */; };
		1F8265E42FACF16100F1EE9E /* FileMessage.swift in Sources */ = {isa = PBXBuildFile; fileRef = 1F8265E32FACF16100F1EE9E /* FileMessage.swift */; };
		1F8265E62FACF1B900F1EE9E /* ChatItem.swift in Sources */ = {isa = PBXBuildFile; fileRef = 1F8265E52FACF1B900F1EE9E /* ChatItem.swift */; };
		1F8265E82FACF1E500F1EE9E /* AES256FileHeader.swift in Sources */ = {isa = PBXBuildFile; fileRef = 1F8265E72FACF1E500F1EE9E /* AES256FileHeader.swift */; };
		1F8265EB2FACF4E300F1EE9E /* StreamingSHA512.swift in Sources */ = {isa = PBXBuildFile; fileRef = 1F8265EA2FACF4E300F1EE9E /* StreamingSHA512.swift */; };
		1F8265EC2FACF4E300F1EE9E /* AES256FileStreamService.swift in Sources */ = {isa = PBXBuildFile; fileRef = 1F8265E92FACF4E300F1EE9E /* AES256FileStreamService.swift */; };
		1F8265EE2FACF55C00F1EE9E /* AES256FileCryptoManager.swift in Sources */ = {isa = PBXBuildFile; fileRef = 1F8265ED2FACF55C00F1EE9E /* AES256FileCryptoManager.swift */; };
		1F8265F12FACF58B00F1EE9E /* FileMessageView.swift in Sources */ = {isa = PBXBuildFile; fileRef = 1F8265EF2FACF58B00F1EE9E /* FileMessageView.swift */; };
		1F8265F22FACF58B00F1EE9E /* ShareSheet.swift in Sources */ = {isa = PBXBuildFile; fileRef = 1F8265F02FACF58B00F1EE9E /* ShareSheet.swift */; };
		1F8265F42FACFA5400F1EE9E /* BinaryCodec.swift in Sources */ = {isa = PBXBuildFile; fileRef = 1F8265F32FACFA5400F1EE9E /* BinaryCodec.swift */; };
		1F8265F82FAD417700F1EE9E /* ShareItem.swift in Sources */ = {isa = PBXBuildFile; fileRef = 1F8265F72FAD417700F1EE9E /* ShareItem.swift */; };
		1F84D4322EC245E6001FAA62 /* Property List.plist in Resources */ = {isa = PBXBuildFile; fileRef = 1F84D4312EC245E6001FAA62 /* Property List.plist */; };
		1F8B4FA12E9C72CF0075C9DA /* AboutEmojiViewModel.swift in Sources */ = {isa = PBXBuildFile; fileRef = 1F8B4FA02E9C72CF0075C9DA /* AboutEmojiViewModel.swift */; };
		1F8B4FA32E9C76C80075C9DA /* LetterType.swift in Sources */ = {isa = PBXBuildFile; fileRef = 1F8B4FA22E9C76C80075C9DA /* LetterType.swift */; };
		1F8DDBC12E366E11005734CD /* AES256EncryptionView.swift in Sources */ = {isa = PBXBuildFile; fileRef = 1F8DDBB22E366E11005734CD /* AES256EncryptionView.swift */; };
		1F8DDBC42E366E11005734CD /* HomeView.swift in Sources */ = {isa = PBXBuildFile; fileRef = 1F8DDBB62E366E11005734CD /* HomeView.swift */; };
		1F8DDBC52E366E11005734CD /* VOIDApp.swift in Sources */ = {isa = PBXBuildFile; fileRef = 1F8DDBB72E366E11005734CD /* VOIDApp.swift */; };
		1F8DDBC92E366E11005734CD /* Assets.xcassets in Resources */ = {isa = PBXBuildFile; fileRef = 1F8DDBBC2E366E11005734CD /* Assets.xcassets */; };
		1F8DDBE82E36785E005734CD /* Image + Ext.swift in Sources */ = {isa = PBXBuildFile; fileRef = 1F8DDBE62E36785E005734CD /* Image + Ext.swift */; };
		1F8DDBE92E36785E005734CD /* Color + Ext.swift in Sources */ = {isa = PBXBuildFile; fileRef = 1F8DDBE52E36785E005734CD /* Color + Ext.swift */; };
		1F8DDBEF2E3678C0005734CD /* Preview Assets.xcassets in Resources */ = {isa = PBXBuildFile; fileRef = 1F8DDBEE2E3678C0005734CD /* Preview Assets.xcassets */; };
		1F8DDBF32E367EC4005734CD /* AESEncryptionService.swift in Sources */ = {isa = PBXBuildFile; fileRef = 1F8DDBF22E367EC4005734CD /* AESEncryptionService.swift */; };
		1F8DDBF62E36A15E005734CD /* Argon2Swift in Frameworks */ = {isa = PBXBuildFile; productRef = 1F8DDBF52E36A15E005734CD /* Argon2Swift */; };
		1F8DDBF82E380240005734CD /* AES256EncryptionViewModel.swift in Sources */ = {isa = PBXBuildFile; fileRef = 1F8DDBF72E380240005734CD /* AES256EncryptionViewModel.swift */; };
		1F8DDBFA2E38123F005734CD /* AES256SettingsView.swift in Sources */ = {isa = PBXBuildFile; fileRef = 1F8DDBF92E38123F005734CD /* AES256SettingsView.swift */; };
		1F8DDCDB2E3963C4005734CD /* CustomForm.swift in Sources */ = {isa = PBXBuildFile; fileRef = 1F8DDCDA2E3963C3005734CD /* CustomForm.swift */; };
		1F8DDCDD2E39641A005734CD /* CustomButtonRow.swift in Sources */ = {isa = PBXBuildFile; fileRef = 1F8DDCDC2E39641A005734CD /* CustomButtonRow.swift */; };
		1F8DDCDF2E396454005734CD /* CustomToggleRow.swift in Sources */ = {isa = PBXBuildFile; fileRef = 1F8DDCDE2E396454005734CD /* CustomToggleRow.swift */; };
		1F8DDCE12E396473005734CD /* Gradient + Ext.swift in Sources */ = {isa = PBXBuildFile; fileRef = 1F8DDCE02E396473005734CD /* Gradient + Ext.swift */; };
		1F8DDCE32E39676C005734CD /* CryptographyView.swift in Sources */ = {isa = PBXBuildFile; fileRef = 1F8DDCE22E39676C005734CD /* CryptographyView.swift */; };
		1F8DDCE52E3A1C01005734CD /* CustomSecureField.swift in Sources */ = {isa = PBXBuildFile; fileRef = 1F8DDCE42E3A1C01005734CD /* CustomSecureField.swift */; };
		1F8DDCE72E3A2C55005734CD /* CustomSliderRow.swift in Sources */ = {isa = PBXBuildFile; fileRef = 1F8DDCE62E3A2C55005734CD /* CustomSliderRow.swift */; };
		1F8DDCE92E3A7843005734CD /* FormHeaderContent.swift in Sources */ = {isa = PBXBuildFile; fileRef = 1F8DDCE82E3A7843005734CD /* FormHeaderContent.swift */; };
		1F8DDCEB2E3A78B7005734CD /* CustomTextRow.swift in Sources */ = {isa = PBXBuildFile; fileRef = 1F8DDCEA2E3A78B7005734CD /* CustomTextRow.swift */; };
		1F8DDCF32E3B96E3005734CD /* TimerPicker.swift in Sources */ = {isa = PBXBuildFile; fileRef = 1F8DDCF22E3B96E3005734CD /* TimerPicker.swift */; };
		1F8DDCF52E3C03D9005734CD /* AES256SettingsViewModel.swift in Sources */ = {isa = PBXBuildFile; fileRef = 1F8DDCF42E3C03D9005734CD /* AES256SettingsViewModel.swift */; };
		1F91201D2E8C4FC000B62644 /* Dev_Mode.mp3 in Resources */ = {isa = PBXBuildFile; fileRef = 1F91201A2E8C4FC000B62644 /* Dev_Mode.mp3 */; };
		1F91201E2E8C4FC000B62644 /* Error_Alert.mp3 in Resources */ = {isa = PBXBuildFile; fileRef = 1F91201B2E8C4FC000B62644 /* Error_Alert.mp3 */; };
		1F91202B2E8C5D5400B62644 /* New_Encrypted_Message.mp3 in Resources */ = {isa = PBXBuildFile; fileRef = 1F91202A2E8C5D5400B62644 /* New_Encrypted_Message.mp3 */; };
		1F91202C2E8C5D5400B62644 /* New_Decrypted_Message.mp3 in Resources */ = {isa = PBXBuildFile; fileRef = 1F9120292E8C5D5400B62644 /* New_Decrypted_Message.mp3 */; };
		1F9120302E8C935200B62644 /* NavigationToolButton.swift in Sources */ = {isa = PBXBuildFile; fileRef = 1F91202F2E8C935200B62644 /* NavigationToolButton.swift */; };
		1F9544AC2EC39B8D00F0CB51 /* Plist.swift in Sources */ = {isa = PBXBuildFile; fileRef = 1F9544AB2EC39B8D00F0CB51 /* Plist.swift */; };
		1F9544AE2EC39BCA00F0CB51 /* L10n.swift in Sources */ = {isa = PBXBuildFile; fileRef = 1F9544AD2EC39BCA00F0CB51 /* L10n.swift */; };
		1F9544B12EC39C3000F0CB51 /* StoreError.swift in Sources */ = {isa = PBXBuildFile; fileRef = 1F9544B02EC39C3000F0CB51 /* StoreError.swift */; };
		1F9544B32EC39C9F00F0CB51 /* AppPurchase.swift in Sources */ = {isa = PBXBuildFile; fileRef = 1F9544B22EC39C9F00F0CB51 /* AppPurchase.swift */; };
		1F9544B52EC3B0C200F0CB51 /* ExplosiveStarView.swift in Sources */ = {isa = PBXBuildFile; fileRef = 1F9544B42EC3B0C200F0CB51 /* ExplosiveStarView.swift */; };
		1F9AEB1E2F9018EB00A10AEB /* QRCodeGeneratorViewModel.swift in Sources */ = {isa = PBXBuildFile; fileRef = 1F9AEB1D2F9018EB00A10AEB /* QRCodeGeneratorViewModel.swift */; };
		1F9AEB1F2F9018EB00A10AEB /* QRCodeCustomizationViewModel.swift in Sources */ = {isa = PBXBuildFile; fileRef = 1F9AEB1A2F9018EB00A10AEB /* QRCodeCustomizationViewModel.swift */; };
		1F9AEB202F9018EB00A10AEB /* QRCodeCustomizationView.swift in Sources */ = {isa = PBXBuildFile; fileRef = 1F9AEB192F9018EB00A10AEB /* QRCodeCustomizationView.swift */; };
		1F9AEB222F9018EB00A10AEB /* QRCodeGeneratorView.swift in Sources */ = {isa = PBXBuildFile; fileRef = 1F9AEB1C2F9018EB00A10AEB /* QRCodeGeneratorView.swift */; };
		1FA0160E2F8719990069A6F9 /* AppVersion.swift in Sources */ = {isa = PBXBuildFile; fileRef = 1FA0160D2F8719990069A6F9 /* AppVersion.swift */; };
		1FA0160F2F871A680069A6F9 /* StoreKit.framework in Frameworks */ = {isa = PBXBuildFile; fileRef = 1FFBB0BD2EB5094A0072600C /* StoreKit.framework */; };
		1FA016192F87EBC50069A6F9 /* QRCodeStatic in Frameworks */ = {isa = PBXBuildFile; productRef = 1FA016182F87EBC50069A6F9 /* QRCodeStatic */; };
		1FA1B0022EF7A00100C0FFEE /* CustomCapsulePicker.swift in Sources */ = {isa = PBXBuildFile; fileRef = 1FA1B0012EF7A00100C0FFEE /* CustomCapsulePicker.swift */; };
		1FA26BED2E90A1F6002BD74C /* VoidNumbersView.swift in Sources */ = {isa = PBXBuildFile; fileRef = 1FA26BEC2E90A1F6002BD74C /* VoidNumbersView.swift */; };
		1FA2FBEB2E58BB510072905D /* PepperService.swift in Sources */ = {isa = PBXBuildFile; fileRef = 1FA2FBEA2E58BB510072905D /* PepperService.swift */; };
		1FB32C222EAFB7A00051A772 /* PremiumImageView.swift in Sources */ = {isa = PBXBuildFile; fileRef = 1FB32C212EAFB7A00051A772 /* PremiumImageView.swift */; };
		1FB32C2E2EB05A1B0051A772 /* CustomNavigationTextField.swift in Sources */ = {isa = PBXBuildFile; fileRef = 1FB32C2D2EB05A1B0051A772 /* CustomNavigationTextField.swift */; };
		1FB32C342EB062C10051A772 /* Colors.xcassets in Resources */ = {isa = PBXBuildFile; fileRef = 1FB32C332EB062C10051A772 /* Colors.xcassets */; };
		1FB32C3E2EB264810051A772 /* ExitButton.swift in Sources */ = {isa = PBXBuildFile; fileRef = 1FB32C3D2EB264810051A772 /* ExitButton.swift */; };
		1FB66C972FAF7B030036C293 /* AccentColorManager.swift in Sources */ = {isa = PBXBuildFile; fileRef = 1FB66C962FAF7B030036C293 /* AccentColorManager.swift */; };
		1FB66C9A2FB00C860036C293 /* StyleView.swift in Sources */ = {isa = PBXBuildFile; fileRef = 1FB66C992FB00C860036C293 /* StyleView.swift */; };
		1FB66C9F2FB11E410036C293 /* StyleViewModel.swift in Sources */ = {isa = PBXBuildFile; fileRef = 1FB66C9E2FB11E410036C293 /* StyleViewModel.swift */; };
		1FB66CA12FB12CCF0036C293 /* AppIconManager.swift in Sources */ = {isa = PBXBuildFile; fileRef = 1FB66CA02FB12CCF0036C293 /* AppIconManager.swift */; };
		1FB66CA52FB1346D0036C293 /* AppIconView.swift in Sources */ = {isa = PBXBuildFile; fileRef = 1FB66CA42FB1346D0036C293 /* AppIconView.swift */; };
		1FB66CA72FB15C370036C293 /* AccentColor.swift in Sources */ = {isa = PBXBuildFile; fileRef = 1FB66CA62FB15C370036C293 /* AccentColor.swift */; };
		1FB66CA92FB15DBF0036C293 /* AppIcon.swift in Sources */ = {isa = PBXBuildFile; fileRef = 1FB66CA82FB15DBF0036C293 /* AppIcon.swift */; };
		1FB66CAB2FB15F090036C293 /* AppIconViewModel.swift in Sources */ = {isa = PBXBuildFile; fileRef = 1FB66CAA2FB15F090036C293 /* AppIconViewModel.swift */; };
		1FBA13C42FB373BB002345E8 /* ScreenshotManager.swift in Sources */ = {isa = PBXBuildFile; fileRef = 1FBA13C32FB373BB002345E8 /* ScreenshotManager.swift */; };
		1FCA0A1A2E000001000000A1 /* QRCodeAnalysisManager.swift in Sources */ = {isa = PBXBuildFile; fileRef = 1FCA0A1A2E000001000000A2 /* QRCodeAnalysisManager.swift */; };
		1FEECF682EBD4EEC0058E823 /* CheckmarkView.swift in Sources */ = {isa = PBXBuildFile; fileRef = 1FEECF672EBD4EEC0058E823 /* CheckmarkView.swift */; };
		1FF6E1262E98854B001F51BA /* EmojiSettingsView.swift in Sources */ = {isa = PBXBuildFile; fileRef = 1FF6E1252E98854B001F51BA /* EmojiSettingsView.swift */; };
		1FF762922FA77EFC0007D02E /* Validator.swift in Sources */ = {isa = PBXBuildFile; fileRef = 1FF762912FA77EFC0007D02E /* Validator.swift */; };
		1FFBB0C62EB513100072600C /* Products.storekit in Resources */ = {isa = PBXBuildFile; fileRef = 1FFBB0C52EB513100072600C /* Products.storekit */; };
		2D1DC4204A47BBC838C8BA2A /* QRDataType.swift in Sources */ = {isa = PBXBuildFile; fileRef = C1E229693CD19EC5D4460523 /* QRDataType.swift */; };
		53572886C6C72C67B05C899B /* QRCodeConfiguration.swift in Sources */ = {isa = PBXBuildFile; fileRef = 2481CB059181C5AF99752750 /* QRCodeConfiguration.swift */; };
		66B41F71FD7639483F40850C /* QRPixelStyle.swift in Sources */ = {isa = PBXBuildFile; fileRef = A60F37CC89A6859307C9AE96 /* QRPixelStyle.swift */; };
		6CECB0FB33FE316A1BD832EB /* QREyeStyle.swift in Sources */ = {isa = PBXBuildFile; fileRef = A6CB98B6CB5C2FEA688162B2 /* QREyeStyle.swift */; };
		D1521B864E714FF8B3543D79 /* FillType.swift in Sources */ = {isa = PBXBuildFile; fileRef = 364F6C1D1B2C4FC8A63D27F8 /* FillType.swift */; };
		FC67BAAA2F0E46C0AE4B3B34 /* QRPupilStyle.swift in Sources */ = {isa = PBXBuildFile; fileRef = 3201C881154C4E46BB8E1840 /* QRPupilStyle.swift */; };
/* End PBXBuildFile section */

/* Begin PBXFileReference section */
		1F1161212E6B66C500A7894D /* String + Ext.swift */ = {isa = PBXFileReference; lastKnownFileType = sourcecode.swift; path = "String + Ext.swift"; sourceTree = "<group>"; };
		1F1161232E73009900A7894D /* TopViewHeaderText.swift */ = {isa = PBXFileReference; lastKnownFileType = sourcecode.swift; path = TopViewHeaderText.swift; sourceTree = "<group>"; };
		1F12FE472E4264260023DB69 /* CustomTextField.swift */ = {isa = PBXFileReference; lastKnownFileType = sourcecode.swift; path = CustomTextField.swift; sourceTree = "<group>"; };
		1F12FE4A2E4278210023DB69 /* CryptoAction.swift */ = {isa = PBXFileReference; lastKnownFileType = sourcecode.swift; path = CryptoAction.swift; sourceTree = "<group>"; };
		1F12FE4E2E42789C0023DB69 /* CryptoActionButtons.swift */ = {isa = PBXFileReference; lastKnownFileType = sourcecode.swift; path = CryptoActionButtons.swift; sourceTree = "<group>"; };
		1F12FE502E42DEDD0023DB69 /* MessageView.swift */ = {isa = PBXFileReference; lastKnownFileType = sourcecode.swift; path = MessageView.swift; sourceTree = "<group>"; };
		1F1452522E6080F800F8A553 /* Language.swift */ = {isa = PBXFileReference; lastKnownFileType = sourcecode.swift; path = Language.swift; sourceTree = "<group>"; };
		1F1452542E608D2D00F8A553 /* LanguageManager.swift */ = {isa = PBXFileReference; lastKnownFileType = sourcecode.swift; path = LanguageManager.swift; sourceTree = "<group>"; };
		1F1452562E608D8900F8A553 /* AppStorageKey.swift */ = {isa = PBXFileReference; lastKnownFileType = sourcecode.swift; path = AppStorageKey.swift; sourceTree = "<group>"; };
		1F1452582E608E9200F8A553 /* SettingsView.swift */ = {isa = PBXFileReference; lastKnownFileType = sourcecode.swift; path = SettingsView.swift; sourceTree = "<group>"; };
		1F14525B2E6092D200F8A553 /* LanguageView.swift */ = {isa = PBXFileReference; lastKnownFileType = sourcecode.swift; path = LanguageView.swift; sourceTree = "<group>"; };
		1F14526B2E60BC1B00F8A553 /* Localizable.xcstrings */ = {isa = PBXFileReference; lastKnownFileType = text.json.xcstrings; path = Localizable.xcstrings; sourceTree = "<group>"; };
		1F19ECB32EB6476C00A3D0AD /* PayWallViewModel.swift */ = {isa = PBXFileReference; lastKnownFileType = sourcecode.swift; path = PayWallViewModel.swift; sourceTree = "<group>"; };
		1F2403B82EA51F6E00FB4005 /* StoreManager.swift */ = {isa = PBXFileReference; lastKnownFileType = sourcecode.swift; path = StoreManager.swift; sourceTree = "<group>"; };
		1F2403BA2EA5279E00FB4005 /* PayWallView.swift */ = {isa = PBXFileReference; lastKnownFileType = sourcecode.swift; path = PayWallView.swift; sourceTree = "<group>"; };
		1F2CADA32E91075E009007B5 /* DetailedInformationView.swift */ = {isa = PBXFileReference; lastKnownFileType = sourcecode.swift; path = DetailedInformationView.swift; sourceTree = "<group>"; };
		1F2CADA52E91088C009007B5 /* AboutAES256ViewModel.swift */ = {isa = PBXFileReference; lastKnownFileType = sourcecode.swift; path = AboutAES256ViewModel.swift; sourceTree = "<group>"; };
		1F2CADA82E9183AD009007B5 /* DetailedInformationProtocol.swift */ = {isa = PBXFileReference; lastKnownFileType = sourcecode.swift; path = DetailedInformationProtocol.swift; sourceTree = "<group>"; };
		1F2D34212E7D7D16005E6239 /* AES256Parameters.swift */ = {isa = PBXFileReference; lastKnownFileType = sourcecode.swift; path = AES256Parameters.swift; sourceTree = "<group>"; };
		1F2D34222E7D7D16005E6239 /* Message.swift */ = {isa = PBXFileReference; lastKnownFileType = sourcecode.swift; path = Message.swift; sourceTree = "<group>"; };
		1F2D34252E7DF41A005E6239 /* KeyDerivationService.swift */ = {isa = PBXFileReference; lastKnownFileType = sourcecode.swift; path = KeyDerivationService.swift; sourceTree = "<group>"; };
		1F2D34272E7E1760005E6239 /* AES256CryptoManager.swift */ = {isa = PBXFileReference; lastKnownFileType = sourcecode.swift; path = AES256CryptoManager.swift; sourceTree = "<group>"; };
		1F2D342A2E7F3D87005E6239 /* CryptoError.swift */ = {isa = PBXFileReference; lastKnownFileType = sourcecode.swift; path = CryptoError.swift; sourceTree = "<group>"; };
		1F2D342E2E820EAB005E6239 /* CryptoVersion.swift */ = {isa = PBXFileReference; lastKnownFileType = sourcecode.swift; path = CryptoVersion.swift; sourceTree = "<group>"; };
		1F2D34302E84AFC5005E6239 /* FullScreenLoader.swift */ = {isa = PBXFileReference; lastKnownFileType = sourcecode.swift; path = FullScreenLoader.swift; sourceTree = "<group>"; };
		1F36E3912EC3F4ED0086FE2C /* Launch Screen.storyboard */ = {isa = PBXFileReference; lastKnownFileType = file.storyboard; path = "Launch Screen.storyboard"; sourceTree = "<group>"; };
		1F37CFDC2F950B97002F208B /* MenuPickerView.swift */ = {isa = PBXFileReference; lastKnownFileType = sourcecode.swift; path = MenuPickerView.swift; sourceTree = "<group>"; };
		1F37CFE62F9ABA10002F208B /* CustomScrollView.swift */ = {isa = PBXFileReference; lastKnownFileType = sourcecode.swift; path = CustomScrollView.swift; sourceTree = "<group>"; };
		1F3DFFB42E901A0B00D77061 /* CopyAlertView.swift */ = {isa = PBXFileReference; lastKnownFileType = sourcecode.swift; path = CopyAlertView.swift; sourceTree = "<group>"; };
		1F4ECDED2EBE50FF008931DE /* ProductButton.swift */ = {isa = PBXFileReference; lastKnownFileType = sourcecode.swift; path = ProductButton.swift; sourceTree = "<group>"; };
		1F587D512EAC61DF0025194E /* AboutProjectView.swift */ = {isa = PBXFileReference; lastKnownFileType = sourcecode.swift; path = AboutProjectView.swift; sourceTree = "<group>"; };
		1F587D532EAC62200025194E /* AboutProjectViewModel.swift */ = {isa = PBXFileReference; lastKnownFileType = sourcecode.swift; path = AboutProjectViewModel.swift; sourceTree = "<group>"; };
		1F5A9DD32F90238C00AF4CF7 /* QRCodeGeneratorManager.swift */ = {isa = PBXFileReference; lastKnownFileType = sourcecode.swift; path = QRCodeGeneratorManager.swift; sourceTree = "<group>"; };
		1F64ADDC2E7572CF00DB44CE /* NavigationLazyView.swift */ = {isa = PBXFileReference; lastKnownFileType = sourcecode.swift; path = NavigationLazyView.swift; sourceTree = "<group>"; };
		1F64ADDE2E75835500DB44CE /* View + Ext.swift */ = {isa = PBXFileReference; lastKnownFileType = sourcecode.swift; path = "View + Ext.swift"; sourceTree = "<group>"; };
		1F6C56C22E97F1700060015F /* EmojiMood.swift */ = {isa = PBXFileReference; lastKnownFileType = sourcecode.swift; path = EmojiMood.swift; sourceTree = "<group>"; };
		1F6C56C42E9814590060015F /* CryptographyViewModel.swift */ = {isa = PBXFileReference; lastKnownFileType = sourcecode.swift; path = CryptographyViewModel.swift; sourceTree = "<group>"; };
		1F6C56C62E98828A0060015F /* EmojiCodecManager.swift */ = {isa = PBXFileReference; lastKnownFileType = sourcecode.swift; path = EmojiCodecManager.swift; sourceTree = "<group>"; };
		1F6F65F22E92C08C0095E89E /* TabBarState.swift */ = {isa = PBXFileReference; lastKnownFileType = sourcecode.swift; path = TabBarState.swift; sourceTree = "<group>"; };
		1F6F65F42E92C1970095E89E /* CustomTabBar.swift */ = {isa = PBXFileReference; lastKnownFileType = sourcecode.swift; path = CustomTabBar.swift; sourceTree = "<group>"; };
		1F6F65F92E943EF30095E89E /* CustomTabImageView.swift */ = {isa = PBXFileReference; lastKnownFileType = sourcecode.swift; path = CustomTabImageView.swift; sourceTree = "<group>"; };
		1F6F65FB2E9445EB0095E89E /* CustomTabSection.swift */ = {isa = PBXFileReference; lastKnownFileType = sourcecode.swift; path = CustomTabSection.swift; sourceTree = "<group>"; };
		1F6F65FD2E958A3F0095E89E /* CodecService.swift */ = {isa = PBXFileReference; lastKnownFileType = sourcecode.swift; path = CodecService.swift; sourceTree = "<group>"; };
		1F6F65FF2E958B380095E89E /* EmojiCodingView.swift */ = {isa = PBXFileReference; lastKnownFileType = sourcecode.swift; path = EmojiCodingView.swift; sourceTree = "<group>"; };
		1F6F66022E958C030095E89E /* EmojiCodingViewModel.swift */ = {isa = PBXFileReference; lastKnownFileType = sourcecode.swift; path = EmojiCodingViewModel.swift; sourceTree = "<group>"; };
		1F74CBF02FAE6A9F00A19F30 /* QRExportFormat.swift */ = {isa = PBXFileReference; lastKnownFileType = sourcecode.swift; path = QRExportFormat.swift; sourceTree = "<group>"; };
		1F7970872E7C4D6B007755F3 /* Sound.swift */ = {isa = PBXFileReference; lastKnownFileType = sourcecode.swift; path = Sound.swift; sourceTree = "<group>"; };
		1F7D9EDE2E633F28007B4DDD /* ThemeManager.swift */ = {isa = PBXFileReference; lastKnownFileType = sourcecode.swift; path = ThemeManager.swift; sourceTree = "<group>"; };
		1F7D9EE02E634007007B4DDD /* SoundManager.swift */ = {isa = PBXFileReference; lastKnownFileType = sourcecode.swift; path = SoundManager.swift; sourceTree = "<group>"; };
		1F7D9EE22E63402F007B4DDD /* HapticsManager.swift */ = {isa = PBXFileReference; lastKnownFileType = sourcecode.swift; path = HapticsManager.swift; sourceTree = "<group>"; };
		1F7D9EE42E6342DA007B4DDD /* SettingsViewModel.swift */ = {isa = PBXFileReference; lastKnownFileType = sourcecode.swift; path = SettingsViewModel.swift; sourceTree = "<group>"; };
		1F7D9EE82E63447D007B4DDD /* LanguageViewModel.swift */ = {isa = PBXFileReference; lastKnownFileType = sourcecode.swift; path = LanguageViewModel.swift; sourceTree = "<group>"; };
		1F7D9EF82E653107007B4DDD /* MatrixAnimationView.swift */ = {isa = PBXFileReference; lastKnownFileType = sourcecode.swift; path = MatrixAnimationView.swift; sourceTree = "<group>"; };
		1F8265DB2FA8D1C500F1EE9E /* FormHeaderView.swift */ = {isa = PBXFileReference; lastKnownFileType = sourcecode.swift; path = FormHeaderView.swift; sourceTree = "<group>"; };
		1F8265DF2FAC183100F1EE9E /* AboutQRCodeViewModel.swift */ = {isa = PBXFileReference; lastKnownFileType = sourcecode.swift; path = AboutQRCodeViewModel.swift; sourceTree = "<group>"; };
		1F8265E32FACF16100F1EE9E /* FileMessage.swift */ = {isa = PBXFileReference; lastKnownFileType = sourcecode.swift; path = FileMessage.swift; sourceTree = "<group>"; };
		1F8265E52FACF1B900F1EE9E /* ChatItem.swift */ = {isa = PBXFileReference; lastKnownFileType = sourcecode.swift; path = ChatItem.swift; sourceTree = "<group>"; };
		1F8265E72FACF1E500F1EE9E /* AES256FileHeader.swift */ = {isa = PBXFileReference; lastKnownFileType = sourcecode.swift; path = AES256FileHeader.swift; sourceTree = "<group>"; };
		1F8265E92FACF4E300F1EE9E /* AES256FileStreamService.swift */ = {isa = PBXFileReference; lastKnownFileType = sourcecode.swift; path = AES256FileStreamService.swift; sourceTree = "<group>"; };
		1F8265EA2FACF4E300F1EE9E /* StreamingSHA512.swift */ = {isa = PBXFileReference; lastKnownFileType = sourcecode.swift; path = StreamingSHA512.swift; sourceTree = "<group>"; };
		1F8265ED2FACF55C00F1EE9E /* AES256FileCryptoManager.swift */ = {isa = PBXFileReference; lastKnownFileType = sourcecode.swift; path = AES256FileCryptoManager.swift; sourceTree = "<group>"; };
		1F8265EF2FACF58B00F1EE9E /* FileMessageView.swift */ = {isa = PBXFileReference; lastKnownFileType = sourcecode.swift; path = FileMessageView.swift; sourceTree = "<group>"; };
		1F8265F02FACF58B00F1EE9E /* ShareSheet.swift */ = {isa = PBXFileReference; lastKnownFileType = sourcecode.swift; path = ShareSheet.swift; sourceTree = "<group>"; };
		1F8265F32FACFA5400F1EE9E /* BinaryCodec.swift */ = {isa = PBXFileReference; lastKnownFileType = sourcecode.swift; path = BinaryCodec.swift; sourceTree = "<group>"; };
		1F8265F72FAD417700F1EE9E /* ShareItem.swift */ = {isa = PBXFileReference; lastKnownFileType = sourcecode.swift; path = ShareItem.swift; sourceTree = "<group>"; };
		1F84D4312EC245E6001FAA62 /* Property List.plist */ = {isa = PBXFileReference; lastKnownFileType = text.plist.xml; path = "Property List.plist"; sourceTree = "<group>"; };
		1F8B4FA02E9C72CF0075C9DA /* AboutEmojiViewModel.swift */ = {isa = PBXFileReference; lastKnownFileType = sourcecode.swift; path = AboutEmojiViewModel.swift; sourceTree = "<group>"; };
		1F8B4FA22E9C76C80075C9DA /* LetterType.swift */ = {isa = PBXFileReference; lastKnownFileType = sourcecode.swift; path = LetterType.swift; sourceTree = "<group>"; };
		1F8DDBB22E366E11005734CD /* AES256EncryptionView.swift */ = {isa = PBXFileReference; lastKnownFileType = sourcecode.swift; path = AES256EncryptionView.swift; sourceTree = "<group>"; };
		1F8DDBB62E366E11005734CD /* HomeView.swift */ = {isa = PBXFileReference; lastKnownFileType = sourcecode.swift; path = HomeView.swift; sourceTree = "<group>"; };
		1F8DDBB72E366E11005734CD /* VOIDApp.swift */ = {isa = PBXFileReference; lastKnownFileType = sourcecode.swift; path = VOIDApp.swift; sourceTree = "<group>"; };
		1F8DDBBC2E366E11005734CD /* Assets.xcassets */ = {isa = PBXFileReference; lastKnownFileType = folder.assetcatalog; name = Assets.xcassets; path = ../../../Void/Void/Resources/Assets.xcassets; sourceTree = "<group>"; };
		1F8DDBE52E36785E005734CD /* Color + Ext.swift */ = {isa = PBXFileReference; lastKnownFileType = sourcecode.swift; path = "Color + Ext.swift"; sourceTree = "<group>"; };
		1F8DDBE62E36785E005734CD /* Image + Ext.swift */ = {isa = PBXFileReference; lastKnownFileType = sourcecode.swift; path = "Image + Ext.swift"; sourceTree = "<group>"; };
		1F8DDBEE2E3678C0005734CD /* Preview Assets.xcassets */ = {isa = PBXFileReference; lastKnownFileType = folder.assetcatalog; path = "Preview Assets.xcassets"; sourceTree = "<group>"; };
		1F8DDBF22E367EC4005734CD /* AESEncryptionService.swift */ = {isa = PBXFileReference; lastKnownFileType = sourcecode.swift; path = AESEncryptionService.swift; sourceTree = "<group>"; };
		1F8DDBF72E380240005734CD /* AES256EncryptionViewModel.swift */ = {isa = PBXFileReference; lastKnownFileType = sourcecode.swift; path = AES256EncryptionViewModel.swift; sourceTree = "<group>"; };
		1F8DDBF92E38123F005734CD /* AES256SettingsView.swift */ = {isa = PBXFileReference; lastKnownFileType = sourcecode.swift; path = AES256SettingsView.swift; sourceTree = "<group>"; };
		1F8DDCDA2E3963C3005734CD /* CustomForm.swift */ = {isa = PBXFileReference; lastKnownFileType = sourcecode.swift; path = CustomForm.swift; sourceTree = "<group>"; };
		1F8DDCDC2E39641A005734CD /* CustomButtonRow.swift */ = {isa = PBXFileReference; lastKnownFileType = sourcecode.swift; path = CustomButtonRow.swift; sourceTree = "<group>"; };
		1F8DDCDE2E396454005734CD /* CustomToggleRow.swift */ = {isa = PBXFileReference; lastKnownFileType = sourcecode.swift; path = CustomToggleRow.swift; sourceTree = "<group>"; };
		1F8DDCE02E396473005734CD /* Gradient + Ext.swift */ = {isa = PBXFileReference; lastKnownFileType = sourcecode.swift; path = "Gradient + Ext.swift"; sourceTree = "<group>"; };
		1F8DDCE22E39676C005734CD /* CryptographyView.swift */ = {isa = PBXFileReference; lastKnownFileType = sourcecode.swift; path = CryptographyView.swift; sourceTree = "<group>"; };
		1F8DDCE42E3A1C01005734CD /* CustomSecureField.swift */ = {isa = PBXFileReference; lastKnownFileType = sourcecode.swift; path = CustomSecureField.swift; sourceTree = "<group>"; };
		1F8DDCE62E3A2C55005734CD /* CustomSliderRow.swift */ = {isa = PBXFileReference; lastKnownFileType = sourcecode.swift; path = CustomSliderRow.swift; sourceTree = "<group>"; };
		1F8DDCE82E3A7843005734CD /* FormHeaderContent.swift */ = {isa = PBXFileReference; lastKnownFileType = sourcecode.swift; path = FormHeaderContent.swift; sourceTree = "<group>"; };
		1F8DDCEA2E3A78B7005734CD /* CustomTextRow.swift */ = {isa = PBXFileReference; lastKnownFileType = sourcecode.swift; path = CustomTextRow.swift; sourceTree = "<group>"; };
		1F8DDCF22E3B96E3005734CD /* TimerPicker.swift */ = {isa = PBXFileReference; lastKnownFileType = sourcecode.swift; path = TimerPicker.swift; sourceTree = "<group>"; };
		1F8DDCF42E3C03D9005734CD /* AES256SettingsViewModel.swift */ = {isa = PBXFileReference; lastKnownFileType = sourcecode.swift; path = AES256SettingsViewModel.swift; sourceTree = "<group>"; };
		1F91201A2E8C4FC000B62644 /* Dev_Mode.mp3 */ = {isa = PBXFileReference; lastKnownFileType = audio.mp3; path = Dev_Mode.mp3; sourceTree = "<group>"; };
		1F91201B2E8C4FC000B62644 /* Error_Alert.mp3 */ = {isa = PBXFileReference; lastKnownFileType = audio.mp3; path = Error_Alert.mp3; sourceTree = "<group>"; };
		1F9120292E8C5D5400B62644 /* New_Decrypted_Message.mp3 */ = {isa = PBXFileReference; lastKnownFileType = audio.mp3; path = New_Decrypted_Message.mp3; sourceTree = "<group>"; };
		1F91202A2E8C5D5400B62644 /* New_Encrypted_Message.mp3 */ = {isa = PBXFileReference; lastKnownFileType = audio.mp3; path = New_Encrypted_Message.mp3; sourceTree = "<group>"; };
		1F91202F2E8C935200B62644 /* NavigationToolButton.swift */ = {isa = PBXFileReference; lastKnownFileType = sourcecode.swift; path = NavigationToolButton.swift; sourceTree = "<group>"; };
		1F9544AB2EC39B8D00F0CB51 /* Plist.swift */ = {isa = PBXFileReference; lastKnownFileType = sourcecode.swift; path = Plist.swift; sourceTree = "<group>"; };
		1F9544AD2EC39BCA00F0CB51 /* L10n.swift */ = {isa = PBXFileReference; lastKnownFileType = sourcecode.swift; path = L10n.swift; sourceTree = "<group>"; };
		1F9544B02EC39C3000F0CB51 /* StoreError.swift */ = {isa = PBXFileReference; lastKnownFileType = sourcecode.swift; path = StoreError.swift; sourceTree = "<group>"; };
		1F9544B22EC39C9F00F0CB51 /* AppPurchase.swift */ = {isa = PBXFileReference; lastKnownFileType = sourcecode.swift; path = AppPurchase.swift; sourceTree = "<group>"; };
		1F9544B42EC3B0C200F0CB51 /* ExplosiveStarView.swift */ = {isa = PBXFileReference; lastKnownFileType = sourcecode.swift; path = ExplosiveStarView.swift; sourceTree = "<group>"; };
		1F9AEB192F9018EB00A10AEB /* QRCodeCustomizationView.swift */ = {isa = PBXFileReference; lastKnownFileType = sourcecode.swift; path = QRCodeCustomizationView.swift; sourceTree = "<group>"; };
		1F9AEB1A2F9018EB00A10AEB /* QRCodeCustomizationViewModel.swift */ = {isa = PBXFileReference; lastKnownFileType = sourcecode.swift; path = QRCodeCustomizationViewModel.swift; sourceTree = "<group>"; };
		1F9AEB1C2F9018EB00A10AEB /* QRCodeGeneratorView.swift */ = {isa = PBXFileReference; lastKnownFileType = sourcecode.swift; path = QRCodeGeneratorView.swift; sourceTree = "<group>"; };
		1F9AEB1D2F9018EB00A10AEB /* QRCodeGeneratorViewModel.swift */ = {isa = PBXFileReference; lastKnownFileType = sourcecode.swift; path = QRCodeGeneratorViewModel.swift; sourceTree = "<group>"; };
		1FA0160D2F8719990069A6F9 /* AppVersion.swift */ = {isa = PBXFileReference; lastKnownFileType = sourcecode.swift; path = AppVersion.swift; sourceTree = "<group>"; };
		1FA1B0012EF7A00100C0FFEE /* CustomCapsulePicker.swift */ = {isa = PBXFileReference; lastKnownFileType = sourcecode.swift; path = CustomCapsulePicker.swift; sourceTree = "<group>"; };
		1FA26BEC2E90A1F6002BD74C /* VoidNumbersView.swift */ = {isa = PBXFileReference; lastKnownFileType = sourcecode.swift; path = VoidNumbersView.swift; sourceTree = "<group>"; };
		1FA2FBEA2E58BB510072905D /* PepperService.swift */ = {isa = PBXFileReference; lastKnownFileType = sourcecode.swift; path = PepperService.swift; sourceTree = "<group>"; };
		1FB32A312E34FA17003E4B54 /* VOID.app */ = {isa = PBXFileReference; explicitFileType = wrapper.application; includeInIndex = 0; path = VOID.app; sourceTree = BUILT_PRODUCTS_DIR; };
		1FB32C212EAFB7A00051A772 /* PremiumImageView.swift */ = {isa = PBXFileReference; lastKnownFileType = sourcecode.swift; path = PremiumImageView.swift; sourceTree = "<group>"; };
		1FB32C2D2EB05A1B0051A772 /* CustomNavigationTextField.swift */ = {isa = PBXFileReference; lastKnownFileType = sourcecode.swift; path = CustomNavigationTextField.swift; sourceTree = "<group>"; };
		1FB32C332EB062C10051A772 /* Colors.xcassets */ = {isa = PBXFileReference; lastKnownFileType = folder.assetcatalog; path = Colors.xcassets; sourceTree = "<group>"; };
		1FB32C3D2EB264810051A772 /* ExitButton.swift */ = {isa = PBXFileReference; lastKnownFileType = sourcecode.swift; path = ExitButton.swift; sourceTree = "<group>"; };
		1FB66C962FAF7B030036C293 /* AccentColorManager.swift */ = {isa = PBXFileReference; lastKnownFileType = sourcecode.swift; path = AccentColorManager.swift; sourceTree = "<group>"; };
		1FB66C992FB00C860036C293 /* StyleView.swift */ = {isa = PBXFileReference; lastKnownFileType = sourcecode.swift; path = StyleView.swift; sourceTree = "<group>"; };
		1FB66C9E2FB11E410036C293 /* StyleViewModel.swift */ = {isa = PBXFileReference; lastKnownFileType = sourcecode.swift; path = StyleViewModel.swift; sourceTree = "<group>"; };
		1FB66CA02FB12CCF0036C293 /* AppIconManager.swift */ = {isa = PBXFileReference; lastKnownFileType = sourcecode.swift; path = AppIconManager.swift; sourceTree = "<group>"; };
		1FB66CA42FB1346D0036C293 /* AppIconView.swift */ = {isa = PBXFileReference; lastKnownFileType = sourcecode.swift; path = AppIconView.swift; sourceTree = "<group>"; };
		1FB66CA62FB15C370036C293 /* AccentColor.swift */ = {isa = PBXFileReference; lastKnownFileType = sourcecode.swift; path = AccentColor.swift; sourceTree = "<group>"; };
		1FB66CA82FB15DBF0036C293 /* AppIcon.swift */ = {isa = PBXFileReference; lastKnownFileType = sourcecode.swift; path = AppIcon.swift; sourceTree = "<group>"; };
		1FB66CAA2FB15F090036C293 /* AppIconViewModel.swift */ = {isa = PBXFileReference; lastKnownFileType = sourcecode.swift; path = AppIconViewModel.swift; sourceTree = "<group>"; };
		1FBA13C32FB373BB002345E8 /* ScreenshotManager.swift */ = {isa = PBXFileReference; lastKnownFileType = sourcecode.swift; path = ScreenshotManager.swift; sourceTree = "<group>"; };
		1FCA0A1A2E000001000000A2 /* QRCodeAnalysisManager.swift */ = {isa = PBXFileReference; lastKnownFileType = sourcecode.swift; path = QRCodeAnalysisManager.swift; sourceTree = "<group>"; };
		1FEECF672EBD4EEC0058E823 /* CheckmarkView.swift */ = {isa = PBXFileReference; lastKnownFileType = sourcecode.swift; path = CheckmarkView.swift; sourceTree = "<group>"; };
		1FF6E1252E98854B001F51BA /* EmojiSettingsView.swift */ = {isa = PBXFileReference; lastKnownFileType = sourcecode.swift; path = EmojiSettingsView.swift; sourceTree = "<group>"; };
		1FF762912FA77EFC0007D02E /* Validator.swift */ = {isa = PBXFileReference; lastKnownFileType = sourcecode.swift; path = Validator.swift; sourceTree = "<group>"; };
		1FFBB0A02EB4163B0072600C /* Info.plist */ = {isa = PBXFileReference; lastKnownFileType = text.plist.xml; path = Info.plist; sourceTree = "<group>"; };
		1FFBB0BD2EB5094A0072600C /* StoreKit.framework */ = {isa = PBXFileReference; lastKnownFileType = wrapper.framework; name = StoreKit.framework; path = System/Library/Frameworks/StoreKit.framework; sourceTree = SDKROOT; };
		1FFBB0C52EB513100072600C /* Products.storekit */ = {isa = PBXFileReference; lastKnownFileType = text; path = Products.storekit; sourceTree = "<group>"; };
		2481CB059181C5AF99752750 /* QRCodeConfiguration.swift */ = {isa = PBXFileReference; lastKnownFileType = sourcecode.swift; path = QRCodeConfiguration.swift; sourceTree = "<group>"; };
		3201C881154C4E46BB8E1840 /* QRPupilStyle.swift */ = {isa = PBXFileReference; lastKnownFileType = sourcecode.swift; path = QRPupilStyle.swift; sourceTree = "<group>"; };
		364F6C1D1B2C4FC8A63D27F8 /* FillType.swift */ = {isa = PBXFileReference; lastKnownFileType = sourcecode.swift; path = FillType.swift; sourceTree = "<group>"; };
		A60F37CC89A6859307C9AE96 /* QRPixelStyle.swift */ = {isa = PBXFileReference; lastKnownFileType = sourcecode.swift; path = QRPixelStyle.swift; sourceTree = "<group>"; };
		A6CB98B6CB5C2FEA688162B2 /* QREyeStyle.swift */ = {isa = PBXFileReference; lastKnownFileType = sourcecode.swift; path = QREyeStyle.swift; sourceTree = "<group>"; };
		C15AED30A114C34B4F885970 /* QRErrorCorrection.swift */ = {isa = PBXFileReference; lastKnownFileType = sourcecode.swift; path = QRErrorCorrection.swift; sourceTree = "<group>"; };
		C1E229693CD19EC5D4460523 /* QRDataType.swift */ = {isa = PBXFileReference; lastKnownFileType = sourcecode.swift; path = QRDataType.swift; sourceTree = "<group>"; };
/* End PBXFileReference section */

/* Begin PBXFrameworksBuildPhase section */
		1FB32A2E2E34FA16003E4B54 /* Frameworks */ = {
			isa = PBXFrameworksBuildPhase;
			buildActionMask = 2147483647;
			files = (
				1F8DDBF62E36A15E005734CD /* Argon2Swift in Frameworks */,
				1FA0160F2F871A680069A6F9 /* StoreKit.framework in Frameworks */,
				1FA016192F87EBC50069A6F9 /* QRCodeStatic in Frameworks */,
			);
			runOnlyForDeploymentPostprocessing = 0;
		};
/* End PBXFrameworksBuildPhase section */

/* Begin PBXGroup section */
		1F12FE442E4221440023DB69 /* AES256 Settings */ = {
			isa = PBXGroup;
			children = (
				1F2CADA52E91088C009007B5 /* AboutAES256ViewModel.swift */,
				1F8DDCF42E3C03D9005734CD /* AES256SettingsViewModel.swift */,
				1F8DDBF92E38123F005734CD /* AES256SettingsView.swift */,
				1FA26BEC2E90A1F6002BD74C /* VoidNumbersView.swift */,
			);
			path = "AES256 Settings";
			sourceTree = "<group>";
		};
		1F12FE452E4221AC0023DB69 /* AES256 Encryption */ = {
			isa = PBXGroup;
			children = (
				1F8DDBB22E366E11005734CD /* AES256EncryptionView.swift */,
				1F8DDBF72E380240005734CD /* AES256EncryptionViewModel.swift */,
			);
			path = "AES256 Encryption";
			sourceTree = "<group>";
		};
		1F12FE462E4221E50023DB69 /* Managers */ = {
			isa = PBXGroup;
			children = (
				1F7D9EDE2E633F28007B4DDD /* ThemeManager.swift */,
				1F2403B82EA51F6E00FB4005 /* StoreManager.swift */,
				1F1452542E608D2D00F8A553 /* LanguageManager.swift */,
				1F7D9EE02E634007007B4DDD /* SoundManager.swift */,
				1F7D9EE22E63402F007B4DDD /* HapticsManager.swift */,
				1FBA13C32FB373BB002345E8 /* ScreenshotManager.swift */,
				1FB66C962FAF7B030036C293 /* AccentColorManager.swift */,
				1FB66CA02FB12CCF0036C293 /* AppIconManager.swift */,
				1F6F65F22E92C08C0095E89E /* TabBarState.swift */,
				1FF762912FA77EFC0007D02E /* Validator.swift */,
			);
			path = Managers;
			sourceTree = "<group>";
		};
		1F12FE492E4278040023DB69 /* Enums */ = {
			isa = PBXGroup;
			children = (
				1F12FE4A2E4278210023DB69 /* CryptoAction.swift */,
				1F8B4FA22E9C76C80075C9DA /* LetterType.swift */,
				1F1452522E6080F800F8A553 /* Language.swift */,
				1F1452562E608D8900F8A553 /* AppStorageKey.swift */,
				1F7970872E7C4D6B007755F3 /* Sound.swift */,
				1FB66CA62FB15C370036C293 /* AccentColor.swift */,
				1FB66CA82FB15DBF0036C293 /* AppIcon.swift */,
				1F2D342E2E820EAB005E6239 /* CryptoVersion.swift */,
				1F8265E52FACF1B900F1EE9E /* ChatItem.swift */,
				1F6C56C22E97F1700060015F /* EmojiMood.swift */,
				1F9544B22EC39C9F00F0CB51 /* AppPurchase.swift */,
				1F2D342A2E7F3D87005E6239 /* CryptoError.swift */,
				1F9544B02EC39C3000F0CB51 /* StoreError.swift */,
				C1E229693CD19EC5D4460523 /* QRDataType.swift */,
				C15AED30A114C34B4F885970 /* QRErrorCorrection.swift */,
				A60F37CC89A6859307C9AE96 /* QRPixelStyle.swift */,
				A6CB98B6CB5C2FEA688162B2 /* QREyeStyle.swift */,
				3201C881154C4E46BB8E1840 /* QRPupilStyle.swift */,
				364F6C1D1B2C4FC8A63D27F8 /* FillType.swift */,
			);
			path = Enums;
			sourceTree = "<group>";
		};
		1F14525A2E608EAF00F8A553 /* Settings Module */ = {
			isa = PBXGroup;
			children = (
				1F64ADE12E76234200DB44CE /* Settings */,
				1F64ADE22E76234C00DB44CE /* Language */,
				1F8945722EBB86C700D5DEAA /* Pay Wall */,
				1FB66C9B2FB00C990036C293 /* Style */,
				1FB66CA32FB134540036C293 /* AppIcon */,
				1F3716B52EAE836D008BA63C /* AboutProject */,
			);
			path = "Settings Module";
			sourceTree = "<group>";
		};
		1F2355FA2E8A04B10088290F /* AES256 Managers */ = {
			isa = PBXGroup;
			children = (
				1F2D34272E7E1760005E6239 /* AES256CryptoManager.swift */,
				1F8265ED2FACF55C00F1EE9E /* AES256FileCryptoManager.swift */,
			);
			path = "AES256 Managers";
			sourceTree = "<group>";
		};
		1F2CADAA2E9183DC009007B5 /* Protocols */ = {
			isa = PBXGroup;
			children = (
				1F2CADA82E9183AD009007B5 /* DetailedInformationProtocol.swift */,
			);
			path = Protocols;
			sourceTree = "<group>";
		};
		1F2D341E2E7D7CC6005E6239 /* Models */ = {
			isa = PBXGroup;
			children = (
				1F2D34212E7D7D16005E6239 /* AES256Parameters.swift */,
				1F2D34222E7D7D16005E6239 /* Message.swift */,
				1F8265E32FACF16100F1EE9E /* FileMessage.swift */,
				1F8265F72FAD417700F1EE9E /* ShareItem.swift */,
				1F8265E72FACF1E500F1EE9E /* AES256FileHeader.swift */,
				2481CB059181C5AF99752750 /* QRCodeConfiguration.swift */,
			);
			path = Models;
			sourceTree = "<group>";
		};
		1F2D34292E7EDD14005E6239 /* Crypto Services */ = {
			isa = PBXGroup;
			children = (
				1FA2FBEA2E58BB510072905D /* PepperService.swift */,
				1F2D34252E7DF41A005E6239 /* KeyDerivationService.swift */,
				1F8DDBF22E367EC4005734CD /* AESEncryptionService.swift */,
				1F8265E92FACF4E300F1EE9E /* AES256FileStreamService.swift */,
				1F8265EA2FACF4E300F1EE9E /* StreamingSHA512.swift */,
				1F6F65FD2E958A3F0095E89E /* CodecService.swift */,
				1F8265F32FACFA5400F1EE9E /* BinaryCodec.swift */,
			);
			path = "Crypto Services";
			sourceTree = "<group>";
		};
		1F3716B52EAE836D008BA63C /* AboutProject */ = {
			isa = PBXGroup;
			children = (
				1F587D512EAC61DF0025194E /* AboutProjectView.swift */,
				1F587D532EAC62200025194E /* AboutProjectViewModel.swift */,
			);
			path = AboutProject;
			sourceTree = "<group>";
		};
		1F5A9DD22F90235500AF4CF7 /* QR Code Managers */ = {
			isa = PBXGroup;
			children = (
				1F5A9DD32F90238C00AF4CF7 /* QRCodeGeneratorManager.swift */,
				1FCA0A1A2E000001000000A2 /* QRCodeAnalysisManager.swift */,
				1F74CBF02FAE6A9F00A19F30 /* QRExportFormat.swift */,
			);
			path = "QR Code Managers";
			sourceTree = "<group>";
		};
		1F5CAECA2FA78C800003001D /* Main Module */ = {
			isa = PBXGroup;
			children = (
				1F8DDCE22E39676C005734CD /* CryptographyView.swift */,
				1F6C56C42E9814590060015F /* CryptographyViewModel.swift */,
			);
			path = "Main Module";
			sourceTree = "<group>";
		};
		1F64ADE12E76234200DB44CE /* Settings */ = {
			isa = PBXGroup;
			children = (
				1F7D9EE42E6342DA007B4DDD /* SettingsViewModel.swift */,
				1F1452582E608E9200F8A553 /* SettingsView.swift */,
			);
			path = Settings;
			sourceTree = "<group>";
		};
		1F64ADE22E76234C00DB44CE /* Language */ = {
			isa = PBXGroup;
			children = (
				1F14525B2E6092D200F8A553 /* LanguageView.swift */,
				1F7D9EE82E63447D007B4DDD /* LanguageViewModel.swift */,
			);
			path = Language;
			sourceTree = "<group>";
		};
		1F6A6A7C2FA78F7200CEE0A3 /* QR Code Generation */ = {
			isa = PBXGroup;
			children = (
				1F9AEB1C2F9018EB00A10AEB /* QRCodeGeneratorView.swift */,
				1F9AEB1D2F9018EB00A10AEB /* QRCodeGeneratorViewModel.swift */,
				1F8265DF2FAC183100F1EE9E /* AboutQRCodeViewModel.swift */,
			);
			path = "QR Code Generation";
			sourceTree = "<group>";
		};
		1F6A6A7E2FA78F9400CEE0A3 /* QR Code Cutomization */ = {
			isa = PBXGroup;
			children = (
				1F9AEB192F9018EB00A10AEB /* QRCodeCustomizationView.swift */,
				1F9AEB1A2F9018EB00A10AEB /* QRCodeCustomizationViewModel.swift */,
			);
			path = "QR Code Cutomization";
			sourceTree = "<group>";
		};
		1F6C56C82E9884590060015F /* Emoji Encoding */ = {
			isa = PBXGroup;
			children = (
				1F6F65FF2E958B380095E89E /* EmojiCodingView.swift */,
				1F6F66022E958C030095E89E /* EmojiCodingViewModel.swift */,
			);
			path = "Emoji Encoding";
			sourceTree = "<group>";
		};
		1F6F65F82E9327470095E89E /* Cryptography Module */ = {
			isa = PBXGroup;
			children = (
				1F5CAECA2FA78C800003001D /* Main Module */,
				1F8DDBDC2E367816005734CD /* AES256 + Argon2id Module */,
				1F6F66012E958B6A0095E89E /* Emoji Module */,
				1FA0161F2F87FA100069A6F9 /* QRCode Module */,
			);
			path = "Cryptography Module";
			sourceTree = "<group>";
		};
		1F6F66012E958B6A0095E89E /* Emoji Module */ = {
			isa = PBXGroup;
			children = (
				1FF6E1242E988517001F51BA /* Emoji Managers */,
				1F6C56C82E9884590060015F /* Emoji Encoding */,
				1FF6E1272E98855F001F51BA /* Emoji Settings */,
			);
			path = "Emoji Module";
			sourceTree = "<group>";
		};
		1F8945722EBB86C700D5DEAA /* Pay Wall */ = {
			isa = PBXGroup;
			children = (
				1F2403BA2EA5279E00FB4005 /* PayWallView.swift */,
				1F4ECDED2EBE50FF008931DE /* ProductButton.swift */,
				1F19ECB32EB6476C00A3D0AD /* PayWallViewModel.swift */,
			);
			path = "Pay Wall";
			sourceTree = "<group>";
		};
		1F8DDBDB2E3677DE005734CD /* VOID */ = {
			isa = PBXGroup;
			children = (
				1F8DDBDD2E36783C005734CD /* App */,
				1F12FE462E4221E50023DB69 /* Managers */,
				1F2D341E2E7D7CC6005E6239 /* Models */,
				1F2D34292E7EDD14005E6239 /* Crypto Services */,
				1F8DDBEC2E367897005734CD /* Service Views */,
				1F6F65F82E9327470095E89E /* Cryptography Module */,
				1F14525A2E608EAF00F8A553 /* Settings Module */,
				1F12FE492E4278040023DB69 /* Enums */,
				1F2CADAA2E9183DC009007B5 /* Protocols */,
				1F8DDBEA2E367863005734CD /* Extensions */,
				1F9544AF2EC39C0E00F0CB51 /* Helpers */,
				1F8DDBEB2E367882005734CD /* Resources */,
				1F8DDBED2E3678B3005734CD /* Preview Content */,
			);
			path = VOID;
			sourceTree = "<group>";
		};
		1F8DDBDC2E367816005734CD /* AES256 + Argon2id Module */ = {
			isa = PBXGroup;
			children = (
				1F2355FA2E8A04B10088290F /* AES256 Managers */,
				1F12FE452E4221AC0023DB69 /* AES256 Encryption */,
				1F12FE442E4221440023DB69 /* AES256 Settings */,
			);
			path = "AES256 + Argon2id Module";
			sourceTree = "<group>";
		};
		1F8DDBDD2E36783C005734CD /* App */ = {
			isa = PBXGroup;
			children = (
				1F8DDBB72E366E11005734CD /* VOIDApp.swift */,
				1F8DDBB62E366E11005734CD /* HomeView.swift */,
				1FA0160D2F8719990069A6F9 /* AppVersion.swift */,
			);
			path = App;
			sourceTree = "<group>";
		};
		1F8DDBEA2E367863005734CD /* Extensions */ = {
			isa = PBXGroup;
			children = (
				1F8DDBE52E36785E005734CD /* Color + Ext.swift */,
				1F8DDCE02E396473005734CD /* Gradient + Ext.swift */,
				1F1161212E6B66C500A7894D /* String + Ext.swift */,
				1F8DDBE62E36785E005734CD /* Image + Ext.swift */,
				1F64ADDE2E75835500DB44CE /* View + Ext.swift */,
			);
			path = Extensions;
			sourceTree = "<group>";
		};
		1F8DDBEB2E367882005734CD /* Resources */ = {
			isa = PBXGroup;
			children = (
				1FFBB0C52EB513100072600C /* Products.storekit */,
				1FFBB0A02EB4163B0072600C /* Info.plist */,
				1F84D4312EC245E6001FAA62 /* Property List.plist */,
				1F8DDBBC2E366E11005734CD /* Assets.xcassets */,
				1FB32C332EB062C10051A772 /* Colors.xcassets */,
				1F14526B2E60BC1B00F8A553 /* Localizable.xcstrings */,
				1F36E3912EC3F4ED0086FE2C /* Launch Screen.storyboard */,
				1F9120202E8C4FD400B62644 /* Sounds */,
			);
			path = Resources;
			sourceTree = "<group>";
		};
		1F8DDBEC2E367897005734CD /* Service Views */ = {
			isa = PBXGroup;
			children = (
				1F37CFE62F9ABA10002F208B /* CustomScrollView.swift */,
				1FB32C2D2EB05A1B0051A772 /* CustomNavigationTextField.swift */,
				1F6F65F42E92C1970095E89E /* CustomTabBar.swift */,
				1F64ADDC2E7572CF00DB44CE /* NavigationLazyView.swift */,
				1F91202F2E8C935200B62644 /* NavigationToolButton.swift */,
				1F6F65F92E943EF30095E89E /* CustomTabImageView.swift */,
				1F6F65FB2E9445EB0095E89E /* CustomTabSection.swift */,
				1F8DDCDA2E3963C3005734CD /* CustomForm.swift */,
				1F8DDCDC2E39641A005734CD /* CustomButtonRow.swift */,
				1F8DDCDE2E396454005734CD /* CustomToggleRow.swift */,
				1F8DDCE62E3A2C55005734CD /* CustomSliderRow.swift */,
				1F8DDCE82E3A7843005734CD /* FormHeaderContent.swift */,
				1F8DDCEA2E3A78B7005734CD /* CustomTextRow.swift */,
				1F8DDCF22E3B96E3005734CD /* TimerPicker.swift */,
				1F12FE4E2E42789C0023DB69 /* CryptoActionButtons.swift */,
				1F7D9EF82E653107007B4DDD /* MatrixAnimationView.swift */,
				1F1161232E73009900A7894D /* TopViewHeaderText.swift */,
				1F8265DB2FA8D1C500F1EE9E /* FormHeaderView.swift */,
				1F12FE502E42DEDD0023DB69 /* MessageView.swift */,
				1F12FE472E4264260023DB69 /* CustomTextField.swift */,
				1F8DDCE42E3A1C01005734CD /* CustomSecureField.swift */,
				1F2D34302E84AFC5005E6239 /* FullScreenLoader.swift */,
				1F3DFFB42E901A0B00D77061 /* CopyAlertView.swift */,
				1F2CADA32E91075E009007B5 /* DetailedInformationView.swift */,
				1FB32C212EAFB7A00051A772 /* PremiumImageView.swift */,
				1FB32C3D2EB264810051A772 /* ExitButton.swift */,
				1FEECF672EBD4EEC0058E823 /* CheckmarkView.swift */,
				1F9544B42EC3B0C200F0CB51 /* ExplosiveStarView.swift */,
				1FA1B0012EF7A00100C0FFEE /* CustomCapsulePicker.swift */,
				1F37CFDC2F950B97002F208B /* MenuPickerView.swift */,
				1F8265EF2FACF58B00F1EE9E /* FileMessageView.swift */,
				1F8265F02FACF58B00F1EE9E /* ShareSheet.swift */,
			);
			path = "Service Views";
			sourceTree = "<group>";
		};
		1F8DDBED2E3678B3005734CD /* Preview Content */ = {
			isa = PBXGroup;
			children = (
				1F8DDBEE2E3678C0005734CD /* Preview Assets.xcassets */,
			);
			path = "Preview Content";
			sourceTree = "<group>";
		};
		1F9120202E8C4FD400B62644 /* Sounds */ = {
			isa = PBXGroup;
			children = (
				1F9120292E8C5D5400B62644 /* New_Decrypted_Message.mp3 */,
				1F91202A2E8C5D5400B62644 /* New_Encrypted_Message.mp3 */,
				1F91201A2E8C4FC000B62644 /* Dev_Mode.mp3 */,
				1F91201B2E8C4FC000B62644 /* Error_Alert.mp3 */,
			);
			path = Sounds;
			sourceTree = "<group>";
		};
		1F9544AF2EC39C0E00F0CB51 /* Helpers */ = {
			isa = PBXGroup;
			children = (
				1F9544AB2EC39B8D00F0CB51 /* Plist.swift */,
				1F9544AD2EC39BCA00F0CB51 /* L10n.swift */,
			);
			path = Helpers;
			sourceTree = "<group>";
		};
		1FA0161F2F87FA100069A6F9 /* QRCode Module */ = {
			isa = PBXGroup;
			children = (
				1F5A9DD22F90235500AF4CF7 /* QR Code Managers */,
				1F6A6A7C2FA78F7200CEE0A3 /* QR Code Generation */,
				1F6A6A7E2FA78F9400CEE0A3 /* QR Code Cutomization */,
			);
			path = "QRCode Module";
			sourceTree = "<group>";
		};
		1FB32A282E34FA16003E4B54 = {
			isa = PBXGroup;
			children = (
				1F8DDBDB2E3677DE005734CD /* VOID */,
				1FFBB0BC2EB5094A0072600C /* Frameworks */,
				1FB32A322E34FA17003E4B54 /* Products */,
			);
			sourceTree = "<group>";
		};
		1FB32A322E34FA17003E4B54 /* Products */ = {
			isa = PBXGroup;
			children = (
				1FB32A312E34FA17003E4B54 /* VOID.app */,
			);
			name = Products;
			sourceTree = "<group>";
		};
		1FB66C9B2FB00C990036C293 /* Style */ = {
			isa = PBXGroup;
			children = (
				1FB66C992FB00C860036C293 /* StyleView.swift */,
				1FB66C9E2FB11E410036C293 /* StyleViewModel.swift */,
			);
			path = Style;
			sourceTree = "<group>";
		};
		1FB66CA32FB134540036C293 /* AppIcon */ = {
			isa = PBXGroup;
			children = (
				1FB66CA42FB1346D0036C293 /* AppIconView.swift */,
				1FB66CAA2FB15F090036C293 /* AppIconViewModel.swift */,
			);
			path = AppIcon;
			sourceTree = "<group>";
		};
		1FF6E1242E988517001F51BA /* Emoji Managers */ = {
			isa = PBXGroup;
			children = (
				1F6C56C62E98828A0060015F /* EmojiCodecManager.swift */,
			);
			path = "Emoji Managers";
			sourceTree = "<group>";
		};
		1FF6E1272E98855F001F51BA /* Emoji Settings */ = {
			isa = PBXGroup;
			children = (
				1FF6E1252E98854B001F51BA /* EmojiSettingsView.swift */,
				1F8B4FA02E9C72CF0075C9DA /* AboutEmojiViewModel.swift */,
			);
			path = "Emoji Settings";
			sourceTree = "<group>";
		};
		1FFBB0BC2EB5094A0072600C /* Frameworks */ = {
			isa = PBXGroup;
			children = (
				1FFBB0BD2EB5094A0072600C /* StoreKit.framework */,
			);
			name = Frameworks;
			sourceTree = "<group>";
		};
/* End PBXGroup section */

/* Begin PBXNativeTarget section */
		1FB32A302E34FA16003E4B54 /* VOID */ = {
			isa = PBXNativeTarget;
			buildConfigurationList = 1FB32A3F2E34FA1A003E4B54 /* Build configuration list for PBXNativeTarget "VOID" */;
			buildPhases = (
				1FB32A2D2E34FA16003E4B54 /* Sources */,
				1FB32A2E2E34FA16003E4B54 /* Frameworks */,
				1FB32A2F2E34FA16003E4B54 /* Resources */,
			);
			buildRules = (
			);
			dependencies = (
			);
			name = VOID;
			packageProductDependencies = (
				1F8DDBF52E36A15E005734CD /* Argon2Swift */,
				1FA016182F87EBC50069A6F9 /* QRCodeStatic */,
			);
			productName = Void;
			productReference = 1FB32A312E34FA17003E4B54 /* VOID.app */;
			productType = "com.apple.product-type.application";
		};
/* End PBXNativeTarget section */

/* Begin PBXProject section */
		1FB32A292E34FA16003E4B54 /* Project object */ = {
			isa = PBXProject;
			attributes = {
				BuildIndependentTargetsInParallel = 1;
				LastSwiftUpdateCheck = 1620;
				LastUpgradeCheck = 1620;
				TargetAttributes = {
					1FB32A302E34FA16003E4B54 = {
						CreatedOnToolsVersion = 16.2;
					};
				};
			};
			buildConfigurationList = 1FB32A2C2E34FA16003E4B54 /* Build configuration list for PBXProject "VOID" */;
			developmentRegion = en;
			hasScannedForEncodings = 0;
			knownRegions = (
				en,
				ru,
				uk,
				ja,
				es,
				ka,
				it,
				fr,
				hi,
				"zh-Hans",
				"zh-Hant",
				vi,
				ko,
				de,
				tr,
				nl,
				sv,
				ca,
				hr,
				cs,
				da,
				fi,
				el,
				hu,
				id,
				ms,
				nb,
				pl,
				ro,
				sk,
				th,
				hy,
				az,
				is,
				ar,
				he,
				be,
				bn,
				fa,
				kk,
				ky,
				mn,
				sw,
				tg,
				tk,
				ur,
				uz,
			);
			mainGroup = 1FB32A282E34FA16003E4B54;
			minimizedProjectReferenceProxies = 1;
			packageReferences = (
				1F8DDBF42E36A15E005734CD /* XCRemoteSwiftPackageReference "Argon2Swift" */,
				1FA016112F87EBC50069A6F9 /* XCRemoteSwiftPackageReference "QRCode" */,
			);
			preferredProjectObjectVersion = 77;
			productRefGroup = 1FB32A322E34FA17003E4B54 /* Products */;
			projectDirPath = "";
			projectRoot = "";
			targets = (
				1FB32A302E34FA16003E4B54 /* VOID */,
			);
		};
/* End PBXProject section */

/* Begin PBXResourcesBuildPhase section */
		1FB32A2F2E34FA16003E4B54 /* Resources */ = {
			isa = PBXResourcesBuildPhase;
			buildActionMask = 2147483647;
			files = (
				1F8DDBEF2E3678C0005734CD /* Preview Assets.xcassets in Resources */,
				1F91201D2E8C4FC000B62644 /* Dev_Mode.mp3 in Resources */,
				1F91202B2E8C5D5400B62644 /* New_Encrypted_Message.mp3 in Resources */,
				1F91202C2E8C5D5400B62644 /* New_Decrypted_Message.mp3 in Resources */,
				1FB32C342EB062C10051A772 /* Colors.xcassets in Resources */,
				1F84D4322EC245E6001FAA62 /* Property List.plist in Resources */,
				1F36E3922EC3F4ED0086FE2C /* Launch Screen.storyboard in Resources */,
				1F91201E2E8C4FC000B62644 /* Error_Alert.mp3 in Resources */,
				1FFBB0C62EB513100072600C /* Products.storekit in Resources */,
				1F14526C2E60BC1B00F8A553 /* Localizable.xcstrings in Resources */,
				1F8DDBC92E366E11005734CD /* Assets.xcassets in Resources */,
			);
			runOnlyForDeploymentPostprocessing = 0;
		};
/* End PBXResourcesBuildPhase section */

/* Begin PBXSourcesBuildPhase section */
		1FB32A2D2E34FA16003E4B54 /* Sources */ = {
			isa = PBXSourcesBuildPhase;
			buildActionMask = 2147483647;
			files = (
				1F8DDBF32E367EC4005734CD /* AESEncryptionService.swift in Sources */,
				1FCA0A1A2E000001000000A1 /* QRCodeAnalysisManager.swift in Sources */,
				1F8DDCE72E3A2C55005734CD /* CustomSliderRow.swift in Sources */,
				1F587D522EAC61DF0025194E /* AboutProjectView.swift in Sources */,
				1F14525C2E6092D200F8A553 /* LanguageView.swift in Sources */,
				1F8265F82FAD417700F1EE9E /* ShareItem.swift in Sources */,
				1F8DDBC12E366E11005734CD /* AES256EncryptionView.swift in Sources */,
				1F64ADDF2E75835500DB44CE /* View + Ext.swift in Sources */,
				1FA0160E2F8719990069A6F9 /* AppVersion.swift in Sources */,
				1F9544B52EC3B0C200F0CB51 /* ExplosiveStarView.swift in Sources */,
				1F5A9DD42F90238C00AF4CF7 /* QRCodeGeneratorManager.swift in Sources */,
				1FA1B0022EF7A00100C0FFEE /* CustomCapsulePicker.swift in Sources */,
				1F8DDCE32E39676C005734CD /* CryptographyView.swift in Sources */,
				1F2403BB2EA5279E00FB4005 /* PayWallView.swift in Sources */,
				1F37CFDD2F950B97002F208B /* MenuPickerView.swift in Sources */,
				1F8DDCE12E396473005734CD /* Gradient + Ext.swift in Sources */,
				1F8DDCEB2E3A78B7005734CD /* CustomTextRow.swift in Sources */,
				1F8B4FA32E9C76C80075C9DA /* LetterType.swift in Sources */,
				1F2CADA92E9183AD009007B5 /* DetailedInformationProtocol.swift in Sources */,
				1F64ADDD2E7572CF00DB44CE /* NavigationLazyView.swift in Sources */,
				1FBA13C42FB373BB002345E8 /* ScreenshotManager.swift in Sources */,
				1F7D9EE32E63402F007B4DDD /* HapticsManager.swift in Sources */,
				1F8DDCF52E3C03D9005734CD /* AES256SettingsViewModel.swift in Sources */,
				1F8DDCF32E3B96E3005734CD /* TimerPicker.swift in Sources */,
				1F6C56C52E9814590060015F /* CryptographyViewModel.swift in Sources */,
				1F8DDBC42E366E11005734CD /* HomeView.swift in Sources */,
				1F8DDCDB2E3963C4005734CD /* CustomForm.swift in Sources */,
				1F8265E82FACF1E500F1EE9E /* AES256FileHeader.swift in Sources */,
				1F587D542EAC62200025194E /* AboutProjectViewModel.swift in Sources */,
				1F12FE4B2E4278210023DB69 /* CryptoAction.swift in Sources */,
				1FB32C2E2EB05A1B0051A772 /* CustomNavigationTextField.swift in Sources */,
				1F8DDBE82E36785E005734CD /* Image + Ext.swift in Sources */,
				1F2D34262E7DF41A005E6239 /* KeyDerivationService.swift in Sources */,
				1F6F66032E958C030095E89E /* EmojiCodingViewModel.swift in Sources */,
				1F8DDBE92E36785E005734CD /* Color + Ext.swift in Sources */,
				1F8265E62FACF1B900F1EE9E /* ChatItem.swift in Sources */,
				1FF6E1262E98854B001F51BA /* EmojiSettingsView.swift in Sources */,
				1F2403B92EA51F6E00FB4005 /* StoreManager.swift in Sources */,
				1F6F65FE2E958A3F0095E89E /* CodecService.swift in Sources */,
				1F8DDBC52E366E11005734CD /* VOIDApp.swift in Sources */,
				1F2CADA42E91075E009007B5 /* DetailedInformationView.swift in Sources */,
				1F1452552E608D2D00F8A553 /* LanguageManager.swift in Sources */,
				1F6F65FA2E943EF30095E89E /* CustomTabImageView.swift in Sources */,
				1F8DDBFA2E38123F005734CD /* AES256SettingsView.swift in Sources */,
				1F2CADA62E91088C009007B5 /* AboutAES256ViewModel.swift in Sources */,
				1F8DDBF82E380240005734CD /* AES256EncryptionViewModel.swift in Sources */,
				1F74CBF12FAE6A9F00A19F30 /* QRExportFormat.swift in Sources */,
				1F9544B32EC39C9F00F0CB51 /* AppPurchase.swift in Sources */,
				1F2D34312E84AFC6005E6239 /* FullScreenLoader.swift in Sources */,
				1F7D9EF92E653107007B4DDD /* MatrixAnimationView.swift in Sources */,
				1F7D9EE52E6342DA007B4DDD /* SettingsViewModel.swift in Sources */,
				1F1452592E608E9200F8A553 /* SettingsView.swift in Sources */,
				1FF762922FA77EFC0007D02E /* Validator.swift in Sources */,
				1F2D34232E7D7D16005E6239 /* Message.swift in Sources */,
				1F2D34242E7D7D16005E6239 /* AES256Parameters.swift in Sources */,
				1F7D9EE92E63447D007B4DDD /* LanguageViewModel.swift in Sources */,
				1F8265E42FACF16100F1EE9E /* FileMessage.swift in Sources */,
				1F8265E02FAC183100F1EE9E /* AboutQRCodeViewModel.swift in Sources */,
				1F6F66002E958B380095E89E /* EmojiCodingView.swift in Sources */,
				1F8265DC2FA8D1C500F1EE9E /* FormHeaderView.swift in Sources */,
				1F7D9EE12E634007007B4DDD /* SoundManager.swift in Sources */,
				1F1161242E73009900A7894D /* TopViewHeaderText.swift in Sources */,
				1F2D342B2E7F3D87005E6239 /* CryptoError.swift in Sources */,
				1F8265F12FACF58B00F1EE9E /* FileMessageView.swift in Sources */,
				1F8265F22FACF58B00F1EE9E /* ShareSheet.swift in Sources */,
				1F6C56C72E98828A0060015F /* EmojiCodecManager.swift in Sources */,
				1F9544AC2EC39B8D00F0CB51 /* Plist.swift in Sources */,
				1F8B4FA12E9C72CF0075C9DA /* AboutEmojiViewModel.swift in Sources */,
				1F2D34282E7E1760005E6239 /* AES256CryptoManager.swift in Sources */,
				1F3DFFB52E901A0B00D77061 /* CopyAlertView.swift in Sources */,
				1F9120302E8C935200B62644 /* NavigationToolButton.swift in Sources */,
				1F8265F42FACFA5400F1EE9E /* BinaryCodec.swift in Sources */,
				1FB66CAB2FB15F090036C293 /* AppIconViewModel.swift in Sources */,
				1FB66C9F2FB11E410036C293 /* StyleViewModel.swift in Sources */,
				1FB66CA12FB12CCF0036C293 /* AppIconManager.swift in Sources */,
				1F19ECB42EB6476C00A3D0AD /* PayWallViewModel.swift in Sources */,
				1F6F65F52E92C1970095E89E /* CustomTabBar.swift in Sources */,
				1F9544B12EC39C3000F0CB51 /* StoreError.swift in Sources */,
				1F8DDCE92E3A7843005734CD /* FormHeaderContent.swift in Sources */,
				1FB66CA72FB15C370036C293 /* AccentColor.swift in Sources */,
				1F1161222E6B66C500A7894D /* String + Ext.swift in Sources */,
				1FB32C222EAFB7A00051A772 /* PremiumImageView.swift in Sources */,
				1FA2FBEB2E58BB510072905D /* PepperService.swift in Sources */,
				1F6C56C32E97F1700060015F /* EmojiMood.swift in Sources */,
				1F8265EB2FACF4E300F1EE9E /* StreamingSHA512.swift in Sources */,
				1F8265EC2FACF4E300F1EE9E /* AES256FileStreamService.swift in Sources */,
				1F37CFE72F9ABA10002F208B /* CustomScrollView.swift in Sources */,
				1F2D342F2E820EAB005E6239 /* CryptoVersion.swift in Sources */,
				1F12FE482E4264260023DB69 /* CustomTextField.swift in Sources */,
				1F8265EE2FACF55C00F1EE9E /* AES256FileCryptoManager.swift in Sources */,
				1F9544AE2EC39BCA00F0CB51 /* L10n.swift in Sources */,
				1F1452532E6080F800F8A553 /* Language.swift in Sources */,
				1F4ECDEE2EBE50FF008931DE /* ProductButton.swift in Sources */,
				1F8DDCDD2E39641A005734CD /* CustomButtonRow.swift in Sources */,
				1F8DDCDF2E396454005734CD /* CustomToggleRow.swift in Sources */,
				1FB66C9A2FB00C860036C293 /* StyleView.swift in Sources */,
				1F7D9EDF2E633F28007B4DDD /* ThemeManager.swift in Sources */,
				1F6F65F32E92C08C0095E89E /* TabBarState.swift in Sources */,
				1F1452572E608D8900F8A553 /* AppStorageKey.swift in Sources */,
				1FB32C3E2EB264810051A772 /* ExitButton.swift in Sources */,
				1F12FE4F2E42789C0023DB69 /* CryptoActionButtons.swift in Sources */,
				1FB66CA52FB1346D0036C293 /* AppIconView.swift in Sources */,
				1F8DDCE52E3A1C01005734CD /* CustomSecureField.swift in Sources */,
				1FB66C972FAF7B030036C293 /* AccentColorManager.swift in Sources */,
				1FA26BED2E90A1F6002BD74C /* VoidNumbersView.swift in Sources */,
				1F7970882E7C4D6B007755F3 /* Sound.swift in Sources */,
				1F6F65FC2E9445EB0095E89E /* CustomTabSection.swift in Sources */,
				1F9AEB1E2F9018EB00A10AEB /* QRCodeGeneratorViewModel.swift in Sources */,
				1F9AEB1F2F9018EB00A10AEB /* QRCodeCustomizationViewModel.swift in Sources */,
				1F9AEB202F9018EB00A10AEB /* QRCodeCustomizationView.swift in Sources */,
				1F9AEB222F9018EB00A10AEB /* QRCodeGeneratorView.swift in Sources */,
				1FB66CA92FB15DBF0036C293 /* AppIcon.swift in Sources */,
				1F12FE512E42DEDD0023DB69 /* MessageView.swift in Sources */,
				1FEECF682EBD4EEC0058E823 /* CheckmarkView.swift in Sources */,
				2D1DC4204A47BBC838C8BA2A /* QRDataType.swift in Sources */,
				0E376E3162ED88F2D1B6DE60 /* QRErrorCorrection.swift in Sources */,
				66B41F71FD7639483F40850C /* QRPixelStyle.swift in Sources */,
				FC67BAAA2F0E46C0AE4B3B34 /* QRPupilStyle.swift in Sources */,
				D1521B864E714FF8B3543D79 /* FillType.swift in Sources */,
				6CECB0FB33FE316A1BD832EB /* QREyeStyle.swift in Sources */,
				53572886C6C72C67B05C899B /* QRCodeConfiguration.swift in Sources */,
			);
			runOnlyForDeploymentPostprocessing = 0;
		};
/* End PBXSourcesBuildPhase section */

/* Begin XCBuildConfiguration section */
		1FB32A3D2E34FA1A003E4B54 /* Debug */ = {
			isa = XCBuildConfiguration;
			buildSettings = {
				ALWAYS_SEARCH_USER_PATHS = NO;
				ASSETCATALOG_COMPILER_GENERATE_SWIFT_ASSET_SYMBOL_EXTENSIONS = YES;
				CLANG_ANALYZER_LOCALIZABILITY_NONLOCALIZED = YES;
				CLANG_ANALYZER_NONNULL = YES;
				CLANG_ANALYZER_NUMBER_OBJECT_CONVERSION = YES_AGGRESSIVE;
				CLANG_CXX_LANGUAGE_STANDARD = "gnu++20";
				CLANG_ENABLE_MODULES = YES;
				CLANG_ENABLE_OBJC_ARC = YES;
				CLANG_ENABLE_OBJC_WEAK = YES;
				CLANG_WARN_BLOCK_CAPTURE_AUTORELEASING = YES;
				CLANG_WARN_BOOL_CONVERSION = YES;
				CLANG_WARN_COMMA = YES;
				CLANG_WARN_CONSTANT_CONVERSION = YES;
				CLANG_WARN_DEPRECATED_OBJC_IMPLEMENTATIONS = YES;
				CLANG_WARN_DIRECT_OBJC_ISA_USAGE = YES_ERROR;
				CLANG_WARN_DOCUMENTATION_COMMENTS = YES;
				CLANG_WARN_EMPTY_BODY = YES;
				CLANG_WARN_ENUM_CONVERSION = YES;
				CLANG_WARN_INFINITE_RECURSION = YES;
				CLANG_WARN_INT_CONVERSION = YES;
				CLANG_WARN_NON_LITERAL_NULL_CONVERSION = YES;
				CLANG_WARN_OBJC_IMPLICIT_RETAIN_SELF = YES;
				CLANG_WARN_OBJC_LITERAL_CONVERSION = YES;
				CLANG_WARN_OBJC_ROOT_CLASS = YES_ERROR;
				CLANG_WARN_QUOTED_INCLUDE_IN_FRAMEWORK_HEADER = YES;
				CLANG_WARN_RANGE_LOOP_ANALYSIS = YES;
				CLANG_WARN_STRICT_PROTOTYPES = YES;
				CLANG_WARN_SUSPICIOUS_MOVE = YES;
				CLANG_WARN_UNGUARDED_AVAILABILITY = YES_AGGRESSIVE;
				CLANG_WARN_UNREACHABLE_CODE = YES;
				CLANG_WARN__DUPLICATE_METHOD_MATCH = YES;
				COPY_PHASE_STRIP = NO;
				DEBUG_INFORMATION_FORMAT = dwarf;
				ENABLE_STRICT_OBJC_MSGSEND = YES;
				ENABLE_TESTABILITY = YES;
				ENABLE_USER_SCRIPT_SANDBOXING = YES;
				GCC_C_LANGUAGE_STANDARD = gnu17;
				GCC_DYNAMIC_NO_PIC = NO;
				GCC_NO_COMMON_BLOCKS = YES;
				GCC_OPTIMIZATION_LEVEL = 0;
				GCC_PREPROCESSOR_DEFINITIONS = (
					"DEBUG=1",
					"$(inherited)",
				);
				GCC_WARN_64_TO_32_BIT_CONVERSION = YES;
				GCC_WARN_ABOUT_RETURN_TYPE = YES_ERROR;
				GCC_WARN_UNDECLARED_SELECTOR = YES;
				GCC_WARN_UNINITIALIZED_AUTOS = YES_AGGRESSIVE;
				GCC_WARN_UNUSED_FUNCTION = YES;
				GCC_WARN_UNUSED_VARIABLE = YES;
				IPHONEOS_DEPLOYMENT_TARGET = 18.2;
				LOCALIZATION_PREFERS_STRING_CATALOGS = YES;
				MTL_ENABLE_DEBUG_INFO = INCLUDE_SOURCE;
				MTL_FAST_MATH = YES;
				ONLY_ACTIVE_ARCH = YES;
				SDKROOT = iphoneos;
				SWIFT_ACTIVE_COMPILATION_CONDITIONS = "DEBUG $(inherited)";
				SWIFT_EMIT_LOC_STRINGS = YES;
				SWIFT_OPTIMIZATION_LEVEL = "-Onone";
			};
			name = Debug;
		};
		1FB32A3E2E34FA1A003E4B54 /* Release */ = {
			isa = XCBuildConfiguration;
			buildSettings = {
				ALWAYS_SEARCH_USER_PATHS = NO;
				ASSETCATALOG_COMPILER_GENERATE_SWIFT_ASSET_SYMBOL_EXTENSIONS = YES;
				CLANG_ANALYZER_LOCALIZABILITY_NONLOCALIZED = YES;
				CLANG_ANALYZER_NONNULL = YES;
				CLANG_ANALYZER_NUMBER_OBJECT_CONVERSION = YES_AGGRESSIVE;
				CLANG_CXX_LANGUAGE_STANDARD = "gnu++20";
				CLANG_ENABLE_MODULES = YES;
				CLANG_ENABLE_OBJC_ARC = YES;
				CLANG_ENABLE_OBJC_WEAK = YES;
				CLANG_WARN_BLOCK_CAPTURE_AUTORELEASING = YES;
				CLANG_WARN_BOOL_CONVERSION = YES;
				CLANG_WARN_COMMA = YES;
				CLANG_WARN_CONSTANT_CONVERSION = YES;
				CLANG_WARN_DEPRECATED_OBJC_IMPLEMENTATIONS = YES;
				CLANG_WARN_DIRECT_OBJC_ISA_USAGE = YES_ERROR;
				CLANG_WARN_DOCUMENTATION_COMMENTS = YES;
				CLANG_WARN_EMPTY_BODY = YES;
				CLANG_WARN_ENUM_CONVERSION = YES;
				CLANG_WARN_INFINITE_RECURSION = YES;
				CLANG_WARN_INT_CONVERSION = YES;
				CLANG_WARN_NON_LITERAL_NULL_CONVERSION = YES;
				CLANG_WARN_OBJC_IMPLICIT_RETAIN_SELF = YES;
				CLANG_WARN_OBJC_LITERAL_CONVERSION = YES;
				CLANG_WARN_OBJC_ROOT_CLASS = YES_ERROR;
				CLANG_WARN_QUOTED_INCLUDE_IN_FRAMEWORK_HEADER = YES;
				CLANG_WARN_RANGE_LOOP_ANALYSIS = YES;
				CLANG_WARN_STRICT_PROTOTYPES = YES;
				CLANG_WARN_SUSPICIOUS_MOVE = YES;
				CLANG_WARN_UNGUARDED_AVAILABILITY = YES_AGGRESSIVE;
				CLANG_WARN_UNREACHABLE_CODE = YES;
				CLANG_WARN__DUPLICATE_METHOD_MATCH = YES;
				COPY_PHASE_STRIP = NO;
				DEBUG_INFORMATION_FORMAT = "dwarf-with-dsym";
				ENABLE_NS_ASSERTIONS = NO;
				ENABLE_STRICT_OBJC_MSGSEND = YES;
				ENABLE_USER_SCRIPT_SANDBOXING = YES;
				GCC_C_LANGUAGE_STANDARD = gnu17;
				GCC_NO_COMMON_BLOCKS = YES;
				GCC_WARN_64_TO_32_BIT_CONVERSION = YES;
				GCC_WARN_ABOUT_RETURN_TYPE = YES_ERROR;
				GCC_WARN_UNDECLARED_SELECTOR = YES;
				GCC_WARN_UNINITIALIZED_AUTOS = YES_AGGRESSIVE;
				GCC_WARN_UNUSED_FUNCTION = YES;
				GCC_WARN_UNUSED_VARIABLE = YES;
				IPHONEOS_DEPLOYMENT_TARGET = 18.2;
				LOCALIZATION_PREFERS_STRING_CATALOGS = YES;
				MTL_ENABLE_DEBUG_INFO = NO;
				MTL_FAST_MATH = YES;
				SDKROOT = iphoneos;
				SWIFT_COMPILATION_MODE = wholemodule;
				SWIFT_EMIT_LOC_STRINGS = YES;
				VALIDATE_PRODUCT = YES;
			};
			name = Release;
		};
		1FB32A402E34FA1A003E4B54 /* Debug */ = {
			isa = XCBuildConfiguration;
			buildSettings = {
				ASSETCATALOG_COMPILER_ALTERNATE_APPICON_NAMES = "GhostWhite CyberGold Titanium NeonPinky DesertForge";
				ASSETCATALOG_COMPILER_APPICON_NAME = BlackVoid;
				ASSETCATALOG_COMPILER_GLOBAL_ACCENT_COLOR_NAME = AccentColor;
				ASSETCATALOG_COMPILER_INCLUDE_ALL_APPICON_ASSETS = YES;
				ASSETCATALOG_COMPILER_STANDALONE_ICON_BEHAVIOR = none;
				CODE_SIGN_IDENTITY = "Apple Development";
				CODE_SIGN_STYLE = Automatic;
				CURRENT_PROJECT_VERSION = 6;
				DEVELOPMENT_ASSET_PATHS = "\"Void/Preview Content\"";
				DEVELOPMENT_TEAM = 6DCRFKN8GP;
				ENABLE_PREVIEWS = YES;
				GENERATE_INFOPLIST_FILE = YES;
				INFOPLIST_FILE = VOID/Resources/Info.plist;
				INFOPLIST_KEY_CFBundleDisplayName = VOID;
				INFOPLIST_KEY_LSApplicationCategoryType = "public.app-category.utilities";
				INFOPLIST_KEY_UIApplicationSceneManifest_Generation = YES;
				INFOPLIST_KEY_UIApplicationSupportsIndirectInputEvents = YES;
				INFOPLIST_KEY_UILaunchScreen_Generation = YES;
				INFOPLIST_KEY_UISupportedInterfaceOrientations = UIInterfaceOrientationPortrait;
				INFOPLIST_KEY_UISupportedInterfaceOrientations_iPad = "UIInterfaceOrientationLandscapeLeft UIInterfaceOrientationLandscapeRight UIInterfaceOrientationPortrait UIInterfaceOrientationPortraitUpsideDown";
				IPHONEOS_DEPLOYMENT_TARGET = 18.0;
				LD_RUNPATH_SEARCH_PATHS = (
					"$(inherited)",
					"@executable_path/Frameworks",
				);
				MARKETING_VERSION = 2.1;
				PRODUCT_BUNDLE_IDENTIFIER = "com.ge-developer.void";
				PRODUCT_NAME = "$(TARGET_NAME)";
				PROVISIONING_PROFILE_SPECIFIER = "";
				SUPPORTED_PLATFORMS = "iphoneos iphonesimulator";
				SUPPORTS_MACCATALYST = NO;
				SUPPORTS_MAC_DESIGNED_FOR_IPHONE_IPAD = NO;
				SUPPORTS_XR_DESIGNED_FOR_IPHONE_IPAD = NO;
				SWIFT_EMIT_LOC_STRINGS = NO;
				SWIFT_VERSION = 5.0;
				TARGETED_DEVICE_FAMILY = 1;
			};
			name = Debug;
		};
		1FB32A412E34FA1A003E4B54 /* Release */ = {
			isa = XCBuildConfiguration;
			buildSettings = {
				ASSETCATALOG_COMPILER_ALTERNATE_APPICON_NAMES = "GhostWhite CyberGold Titanium NeonPinky DesertForge";
				ASSETCATALOG_COMPILER_APPICON_NAME = BlackVoid;
				ASSETCATALOG_COMPILER_GLOBAL_ACCENT_COLOR_NAME = AccentColor;
				ASSETCATALOG_COMPILER_INCLUDE_ALL_APPICON_ASSETS = YES;
				ASSETCATALOG_COMPILER_STANDALONE_ICON_BEHAVIOR = none;
				CODE_SIGN_IDENTITY = "Apple Development";
				CODE_SIGN_STYLE = Automatic;
				CURRENT_PROJECT_VERSION = 6;
				DEVELOPMENT_ASSET_PATHS = "\"Void/Preview Content\"";
				DEVELOPMENT_TEAM = 6DCRFKN8GP;
				ENABLE_PREVIEWS = YES;
				GENERATE_INFOPLIST_FILE = YES;
				INFOPLIST_FILE = VOID/Resources/Info.plist;
				INFOPLIST_KEY_CFBundleDisplayName = VOID;
				INFOPLIST_KEY_LSApplicationCategoryType = "public.app-category.utilities";
				INFOPLIST_KEY_UIApplicationSceneManifest_Generation = YES;
				INFOPLIST_KEY_UIApplicationSupportsIndirectInputEvents = YES;
				INFOPLIST_KEY_UILaunchScreen_Generation = YES;
				INFOPLIST_KEY_UISupportedInterfaceOrientations = UIInterfaceOrientationPortrait;
				INFOPLIST_KEY_UISupportedInterfaceOrientations_iPad = "UIInterfaceOrientationLandscapeLeft UIInterfaceOrientationLandscapeRight UIInterfaceOrientationPortrait UIInterfaceOrientationPortraitUpsideDown";
				IPHONEOS_DEPLOYMENT_TARGET = 18.0;
				LD_RUNPATH_SEARCH_PATHS = (
					"$(inherited)",
					"@executable_path/Frameworks",
				);
				MARKETING_VERSION = 2.1;
				PRODUCT_BUNDLE_IDENTIFIER = "com.ge-developer.void";
				PRODUCT_NAME = "$(TARGET_NAME)";
				PROVISIONING_PROFILE_SPECIFIER = "";
				SUPPORTED_PLATFORMS = "iphoneos iphonesimulator";
				SUPPORTS_MACCATALYST = NO;
				SUPPORTS_MAC_DESIGNED_FOR_IPHONE_IPAD = NO;
				SUPPORTS_XR_DESIGNED_FOR_IPHONE_IPAD = NO;
				SWIFT_EMIT_LOC_STRINGS = NO;
				SWIFT_VERSION = 5.0;
				TARGETED_DEVICE_FAMILY = 1;
			};
			name = Release;
		};
/* End XCBuildConfiguration section */

/* Begin XCConfigurationList section */
		1FB32A2C2E34FA16003E4B54 /* Build configuration list for PBXProject "VOID" */ = {
			isa = XCConfigurationList;
			buildConfigurations = (
				1FB32A3D2E34FA1A003E4B54 /* Debug */,
				1FB32A3E2E34FA1A003E4B54 /* Release */,
			);
			defaultConfigurationIsVisible = 0;
			defaultConfigurationName = Release;
		};
		1FB32A3F2E34FA1A003E4B54 /* Build configuration list for PBXNativeTarget "VOID" */ = {
			isa = XCConfigurationList;
			buildConfigurations = (
				1FB32A402E34FA1A003E4B54 /* Debug */,
				1FB32A412E34FA1A003E4B54 /* Release */,
			);
			defaultConfigurationIsVisible = 0;
			defaultConfigurationName = Release;
		};
/* End XCConfigurationList section */

/* Begin XCRemoteSwiftPackageReference section */
		1F8DDBF42E36A15E005734CD /* XCRemoteSwiftPackageReference "Argon2Swift" */ = {
			isa = XCRemoteSwiftPackageReference;
			repositoryURL = "https://github.com/tmthecoder/Argon2Swift.git";
			requirement = {
				branch = main;
				kind = branch;
			};
		};
		1FA016112F87EBC50069A6F9 /* XCRemoteSwiftPackageReference "QRCode" */ = {
			isa = XCRemoteSwiftPackageReference;
			repositoryURL = "https://github.com/dagronf/QRCode";
			requirement = {
				kind = upToNextMajorVersion;
				minimumVersion = 28.0.2;
			};
		};
/* End XCRemoteSwiftPackageReference section */

/* Begin XCSwiftPackageProductDependency section */
		1F8DDBF52E36A15E005734CD /* Argon2Swift */ = {
			isa = XCSwiftPackageProductDependency;
			package = 1F8DDBF42E36A15E005734CD /* XCRemoteSwiftPackageReference "Argon2Swift" */;
			productName = Argon2Swift;
		};
		1FA016182F87EBC50069A6F9 /* QRCodeStatic */ = {
			isa = XCSwiftPackageProductDependency;
			package = 1FA016112F87EBC50069A6F9 /* XCRemoteSwiftPackageReference "QRCode" */;
			productName = QRCodeStatic;
		};
/* End XCSwiftPackageProductDependency section */
	};
	rootObject = 1FB32A292E34FA16003E4B54 /* Project object */;
}
