{
  "originHash" : "c35c78d9fc1442b17638aef3f540df418af6e52290f9e4598947094b024e141d",
  "pins" : [
    {
      "identity" : "argon2swift",
      "kind" : "remoteSourceControl",
      "location" : "https://github.com/tmthecoder/Argon2Swift.git",
      "state" : {
        "branch" : "main",
        "revision" : "53543623fefe68461b7eeea03d7f96677c2fd76d"
      }
    },
    {
      "identity" : "phc-winner-argon2",
      "kind" : "remoteSourceControl",
      "location" : "https://github.com/P-H-C/phc-winner-argon2.git",
      "state" : {
        "branch" : "master",
        "revision" : "f57e61e19229e23c4445b85494dbf7c07de721cb"
      }
    },
    {
      "identity" : "qrcode",
      "kind" : "remoteSourceControl",
      "location" : "https://github.com/dagronf/QRCode",
      "state" : {
        "revision" : "49fec812bd70eb9417c9bbdfac8f2a4e0d7b9a06",
        "version" : "28.0.2"
      }
    },
    {
      "identity" : "swift-qrcode-generator",
      "kind" : "remoteSourceControl",
      "location" : "https://github.com/dagronf/swift-qrcode-generator",
      "state" : {
        "revision" : "2b1980b825f08a81ccc762b0c4d17fcde9d5e953",
        "version" : "2.0.2"
      }
    },
    {
      "identity" : "swiftimagereadwrite",
      "kind" : "remoteSourceControl",
      "location" : "https://github.com/dagronf/SwiftImageReadWrite",
      "state" : {
        "revision" : "42ace2412279f18bc264bc306e96b51c36e12a33",
        "version" : "1.9.2"
      }
    }
  ],
  "version" : 3
}
